{
    "version": 3,
    "terraform_version": "0.11.11",
    "serial": 24,
    "lineage": "940352ff-c31b-9184-cb90-381036191ce8",
    "modules": [
        {
            "path": [
                "root"
            ],
            "outputs": {
                "asset-url": {
                    "sensitive": false,
                    "type": "string",
                    "value": "https://35.241.59.29/assets/gcp-logo.svg"
                },
                "group1_region": {
                    "sensitive": false,
                    "type": "string",
                    "value": "europe-west1"
                },
                "group2_region": {
                    "sensitive": false,
                    "type": "string",
                    "value": "europe-west2"
                },
                "group3_region": {
                    "sensitive": false,
                    "type": "string",
                    "value": "europe-north1"
                },
                "load-balancer-ip": {
                    "sensitive": false,
                    "type": "string",
                    "value": "35.241.59.29"
                }
            },
            "resources": {
                "data.template_file.group1-startup-script": {
                    "type": "template_file",
                    "depends_on": [],
                    "primary": {
                        "id": "a5b20dd25e648bdd2f7a1b0d9480b354f78bd12c8a3521eb0391aec6e5c2aaa9",
                        "attributes": {
                            "id": "a5b20dd25e648bdd2f7a1b0d9480b354f78bd12c8a3521eb0391aec6e5c2aaa9",
                            "rendered": "#!/bin/bash -xe\n\napt-get update\napt-get install -y apache2 libapache2-mod-php\n\ncat \u003e /var/www/html/index.php \u003c\u003c'EOF'\n\u003c?php\nfunction metadata_value($value) {\n    $opts = [\n        \"http\" =\u003e [\n            \"method\" =\u003e \"GET\",\n            \"header\" =\u003e \"Metadata-Flavor: Google\"\n        ]\n    ];\n    $context = stream_context_create($opts);\n    $content = file_get_contents(\"http://metadata/computeMetadata/v1/$value\", false, $context);\n    return $content;\n}\nif ($_SERVER['HTTP_X_FORWARDED_PROTO'] == \"http\") {\n\t\t$redirect = 'https://' . $_SERVER['HTTP_HOST'] . $_SERVER['REQUEST_URI'];\n\t\theader('HTTP/1.1 301 Moved Permanently');\n\t\theader('Location: ' . $redirect);\n\t\texit();\n}\n?\u003e\n\u003c!doctype html\u003e\n\u003chtml\u003e\n\u003chead\u003e\n\u003c!-- Compiled and minified CSS --\u003e\n\u003clink rel=\"stylesheet\" href=\"https://cdnjs.cloudflare.com/ajax/libs/materialize/0.97.0/css/materialize.min.css\"\u003e\n\u003c!-- Compiled and minified JavaScript --\u003e\n\u003cscript src=\"https://cdnjs.cloudflare.com/ajax/libs/materialize/0.97.0/js/materialize.min.js\"\u003e\u003c/script\u003e\n\u003ctitle\u003eFrontend Web Server\u003c/title\u003e\n\u003c/head\u003e\n\u003cbody\u003e\n\u003cdiv class=\"container\"\u003e\n\u003cdiv class=\"row\"\u003e\n\u003cdiv class=\"col s2\"\u003e\u0026nbsp;\u003c/div\u003e\n\u003cdiv class=\"col s8\"\u003e\n\u003cimg src=\"/assets/gcp-logo.svg\"/\u003e\n\u003cdiv class=\"card blue\"\u003e\n\u003cdiv class=\"card-content white-text\"\u003e\n\u003cdiv class=\"card-title\"\u003eBackend that serviced this request\u003c/div\u003e\n\u003c/div\u003e\n\u003cdiv class=\"card-content white\"\u003e\n\u003ctable class=\"bordered\"\u003e\n  \u003ctbody\u003e\n\t\u003ctr\u003e\n\t  \u003ctd\u003eName\u003c/td\u003e\n\t  \u003ctd\u003e\u003c?php printf(metadata_value(\"instance/name\")) ?\u003e\u003c/td\u003e\n\t\u003c/tr\u003e\n\t\u003ctr\u003e\n\t  \u003ctd\u003eID\u003c/td\u003e\n\t  \u003ctd\u003e\u003c?php printf(metadata_value(\"instance/id\")) ?\u003e\u003c/td\u003e\n\t\u003c/tr\u003e\n\t\u003ctr\u003e\n\t  \u003ctd\u003eHostname\u003c/td\u003e\n\t  \u003ctd\u003e\u003c?php printf(metadata_value(\"instance/hostname\")) ?\u003e\u003c/td\u003e\n\t\u003c/tr\u003e\n\t\u003ctr\u003e\n\t  \u003ctd\u003eZone\u003c/td\u003e\n\t  \u003ctd\u003e\u003c?php printf(metadata_value(\"instance/zone\")) ?\u003e\u003c/td\u003e\n\t\u003c/tr\u003e\n    \u003ctr\u003e\n\t  \u003ctd\u003eMachine Type\u003c/td\u003e\n\t  \u003ctd\u003e\u003c?php printf(metadata_value(\"instance/machine-type\")) ?\u003e\u003c/td\u003e\n\t\u003c/tr\u003e\n\t\u003ctr\u003e\n\t  \u003ctd\u003eProject\u003c/td\u003e\n\t  \u003ctd\u003e\u003c?php printf(metadata_value(\"project/project-id\")) ?\u003e\u003c/td\u003e\n\t\u003c/tr\u003e\n\t\u003ctr\u003e\n\t  \u003ctd\u003eInternal IP\u003c/td\u003e\n\t  \u003ctd\u003e\u003c?php printf(metadata_value(\"instance/network-interfaces/0/ip\")) ?\u003e\u003c/td\u003e\n\t\u003c/tr\u003e\n\t\u003ctr\u003e\n\t  \u003ctd\u003eExternal IP\u003c/td\u003e\n\t  \u003ctd\u003e\u003c?php printf(metadata_value(\"instance/network-interfaces/0/access-configs/0/external-ip\")) ?\u003e\u003c/td\u003e\n\t\u003c/tr\u003e\n  \u003c/tbody\u003e\n\u003c/table\u003e\n\u003c/div\u003e\n\u003c/div\u003e\n\u003cdiv class=\"card blue\"\u003e\n\u003cdiv class=\"card-content white-text\"\u003e\n\u003cdiv class=\"card-title\"\u003eProxy that handled this request\u003c/div\u003e\n\u003c/div\u003e\n\u003cdiv class=\"card-content white\"\u003e\n\u003ctable class=\"bordered\"\u003e\n  \u003ctbody\u003e\n\t\u003ctr\u003e\n\t  \u003ctd\u003eAddress\u003c/td\u003e\n\t  \u003ctd\u003e\u003c?php printf($_SERVER[\"HTTP_HOST\"]); ?\u003e\u003c/td\u003e\n\t\u003c/tr\u003e\n  \u003c/tbody\u003e\n\u003c/table\u003e\n\u003c/div\u003e\n\u003c/div\u003e\n\u003c/div\u003e\n\u003cdiv class=\"col s2\"\u003e\u0026nbsp;\u003c/div\u003e\n\u003c/div\u003e\n\u003c/div\u003e\n\u003c/html\u003e\nEOF\nsudo mv /var/www/html/index.html /var/www/html/index.html.old\n\n[[ -n \"/group1\" ]] \u0026\u0026 mkdir -p /var/www/html//group1 \u0026\u0026 cp /var/www/html/index.php /var/www/html//group1/index.php\n\nsystemctl enable apache2\nsystemctl restart apache2\n",
                            "template": "#!/bin/bash -xe\n\napt-get update\napt-get install -y apache2 libapache2-mod-php\n\ncat \u003e /var/www/html/index.php \u003c\u003c'EOF'\n\u003c?php\nfunction metadata_value($value) {\n    $opts = [\n        \"http\" =\u003e [\n            \"method\" =\u003e \"GET\",\n            \"header\" =\u003e \"Metadata-Flavor: Google\"\n        ]\n    ];\n    $context = stream_context_create($opts);\n    $content = file_get_contents(\"http://metadata/computeMetadata/v1/$value\", false, $context);\n    return $content;\n}\nif ($_SERVER['HTTP_X_FORWARDED_PROTO'] == \"http\") {\n\t\t$redirect = 'https://' . $_SERVER['HTTP_HOST'] . $_SERVER['REQUEST_URI'];\n\t\theader('HTTP/1.1 301 Moved Permanently');\n\t\theader('Location: ' . $redirect);\n\t\texit();\n}\n?\u003e\n\u003c!doctype html\u003e\n\u003chtml\u003e\n\u003chead\u003e\n\u003c!-- Compiled and minified CSS --\u003e\n\u003clink rel=\"stylesheet\" href=\"https://cdnjs.cloudflare.com/ajax/libs/materialize/0.97.0/css/materialize.min.css\"\u003e\n\u003c!-- Compiled and minified JavaScript --\u003e\n\u003cscript src=\"https://cdnjs.cloudflare.com/ajax/libs/materialize/0.97.0/js/materialize.min.js\"\u003e\u003c/script\u003e\n\u003ctitle\u003eFrontend Web Server\u003c/title\u003e\n\u003c/head\u003e\n\u003cbody\u003e\n\u003cdiv class=\"container\"\u003e\n\u003cdiv class=\"row\"\u003e\n\u003cdiv class=\"col s2\"\u003e\u0026nbsp;\u003c/div\u003e\n\u003cdiv class=\"col s8\"\u003e\n\u003cimg src=\"/assets/gcp-logo.svg\"/\u003e\n\u003cdiv class=\"card blue\"\u003e\n\u003cdiv class=\"card-content white-text\"\u003e\n\u003cdiv class=\"card-title\"\u003eBackend that serviced this request\u003c/div\u003e\n\u003c/div\u003e\n\u003cdiv class=\"card-content white\"\u003e\n\u003ctable class=\"bordered\"\u003e\n  \u003ctbody\u003e\n\t\u003ctr\u003e\n\t  \u003ctd\u003eName\u003c/td\u003e\n\t  \u003ctd\u003e\u003c?php printf(metadata_value(\"instance/name\")) ?\u003e\u003c/td\u003e\n\t\u003c/tr\u003e\n\t\u003ctr\u003e\n\t  \u003ctd\u003eID\u003c/td\u003e\n\t  \u003ctd\u003e\u003c?php printf(metadata_value(\"instance/id\")) ?\u003e\u003c/td\u003e\n\t\u003c/tr\u003e\n\t\u003ctr\u003e\n\t  \u003ctd\u003eHostname\u003c/td\u003e\n\t  \u003ctd\u003e\u003c?php printf(metadata_value(\"instance/hostname\")) ?\u003e\u003c/td\u003e\n\t\u003c/tr\u003e\n\t\u003ctr\u003e\n\t  \u003ctd\u003eZone\u003c/td\u003e\n\t  \u003ctd\u003e\u003c?php printf(metadata_value(\"instance/zone\")) ?\u003e\u003c/td\u003e\n\t\u003c/tr\u003e\n    \u003ctr\u003e\n\t  \u003ctd\u003eMachine Type\u003c/td\u003e\n\t  \u003ctd\u003e\u003c?php printf(metadata_value(\"instance/machine-type\")) ?\u003e\u003c/td\u003e\n\t\u003c/tr\u003e\n\t\u003ctr\u003e\n\t  \u003ctd\u003eProject\u003c/td\u003e\n\t  \u003ctd\u003e\u003c?php printf(metadata_value(\"project/project-id\")) ?\u003e\u003c/td\u003e\n\t\u003c/tr\u003e\n\t\u003ctr\u003e\n\t  \u003ctd\u003eInternal IP\u003c/td\u003e\n\t  \u003ctd\u003e\u003c?php printf(metadata_value(\"instance/network-interfaces/0/ip\")) ?\u003e\u003c/td\u003e\n\t\u003c/tr\u003e\n\t\u003ctr\u003e\n\t  \u003ctd\u003eExternal IP\u003c/td\u003e\n\t  \u003ctd\u003e\u003c?php printf(metadata_value(\"instance/network-interfaces/0/access-configs/0/external-ip\")) ?\u003e\u003c/td\u003e\n\t\u003c/tr\u003e\n  \u003c/tbody\u003e\n\u003c/table\u003e\n\u003c/div\u003e\n\u003c/div\u003e\n\u003cdiv class=\"card blue\"\u003e\n\u003cdiv class=\"card-content white-text\"\u003e\n\u003cdiv class=\"card-title\"\u003eProxy that handled this request\u003c/div\u003e\n\u003c/div\u003e\n\u003cdiv class=\"card-content white\"\u003e\n\u003ctable class=\"bordered\"\u003e\n  \u003ctbody\u003e\n\t\u003ctr\u003e\n\t  \u003ctd\u003eAddress\u003c/td\u003e\n\t  \u003ctd\u003e\u003c?php printf($_SERVER[\"HTTP_HOST\"]); ?\u003e\u003c/td\u003e\n\t\u003c/tr\u003e\n  \u003c/tbody\u003e\n\u003c/table\u003e\n\u003c/div\u003e\n\u003c/div\u003e\n\u003c/div\u003e\n\u003cdiv class=\"col s2\"\u003e\u0026nbsp;\u003c/div\u003e\n\u003c/div\u003e\n\u003c/div\u003e\n\u003c/html\u003e\nEOF\nsudo mv /var/www/html/index.html /var/www/html/index.html.old\n\n[[ -n \"${PROXY_PATH}\" ]] \u0026\u0026 mkdir -p /var/www/html/${PROXY_PATH} \u0026\u0026 cp /var/www/html/index.php /var/www/html/${PROXY_PATH}/index.php\n\nsystemctl enable apache2\nsystemctl restart apache2\n",
                            "vars.%": "1",
                            "vars.PROXY_PATH": "/group1"
                        },
                        "meta": {},
                        "tainted": false
                    },
                    "deposed": [],
                    "provider": "provider.template"
                },
                "data.template_file.group2-startup-script": {
                    "type": "template_file",
                    "depends_on": [],
                    "primary": {
                        "id": "50823008e47d4b9360f6fba3b7384fc315a622b0886bc4e841209f0ec6e45fa2",
                        "attributes": {
                            "id": "50823008e47d4b9360f6fba3b7384fc315a622b0886bc4e841209f0ec6e45fa2",
                            "rendered": "#!/bin/bash -xe\n\napt-get update\napt-get install -y apache2 libapache2-mod-php\n\ncat \u003e /var/www/html/index.php \u003c\u003c'EOF'\n\u003c?php\nfunction metadata_value($value) {\n    $opts = [\n        \"http\" =\u003e [\n            \"method\" =\u003e \"GET\",\n            \"header\" =\u003e \"Metadata-Flavor: Google\"\n        ]\n    ];\n    $context = stream_context_create($opts);\n    $content = file_get_contents(\"http://metadata/computeMetadata/v1/$value\", false, $context);\n    return $content;\n}\nif ($_SERVER['HTTP_X_FORWARDED_PROTO'] == \"http\") {\n\t\t$redirect = 'https://' . $_SERVER['HTTP_HOST'] . $_SERVER['REQUEST_URI'];\n\t\theader('HTTP/1.1 301 Moved Permanently');\n\t\theader('Location: ' . $redirect);\n\t\texit();\n}\n?\u003e\n\u003c!doctype html\u003e\n\u003chtml\u003e\n\u003chead\u003e\n\u003c!-- Compiled and minified CSS --\u003e\n\u003clink rel=\"stylesheet\" href=\"https://cdnjs.cloudflare.com/ajax/libs/materialize/0.97.0/css/materialize.min.css\"\u003e\n\u003c!-- Compiled and minified JavaScript --\u003e\n\u003cscript src=\"https://cdnjs.cloudflare.com/ajax/libs/materialize/0.97.0/js/materialize.min.js\"\u003e\u003c/script\u003e\n\u003ctitle\u003eFrontend Web Server\u003c/title\u003e\n\u003c/head\u003e\n\u003cbody\u003e\n\u003cdiv class=\"container\"\u003e\n\u003cdiv class=\"row\"\u003e\n\u003cdiv class=\"col s2\"\u003e\u0026nbsp;\u003c/div\u003e\n\u003cdiv class=\"col s8\"\u003e\n\u003cimg src=\"/assets/gcp-logo.svg\"/\u003e\n\u003cdiv class=\"card blue\"\u003e\n\u003cdiv class=\"card-content white-text\"\u003e\n\u003cdiv class=\"card-title\"\u003eBackend that serviced this request\u003c/div\u003e\n\u003c/div\u003e\n\u003cdiv class=\"card-content white\"\u003e\n\u003ctable class=\"bordered\"\u003e\n  \u003ctbody\u003e\n\t\u003ctr\u003e\n\t  \u003ctd\u003eName\u003c/td\u003e\n\t  \u003ctd\u003e\u003c?php printf(metadata_value(\"instance/name\")) ?\u003e\u003c/td\u003e\n\t\u003c/tr\u003e\n\t\u003ctr\u003e\n\t  \u003ctd\u003eID\u003c/td\u003e\n\t  \u003ctd\u003e\u003c?php printf(metadata_value(\"instance/id\")) ?\u003e\u003c/td\u003e\n\t\u003c/tr\u003e\n\t\u003ctr\u003e\n\t  \u003ctd\u003eHostname\u003c/td\u003e\n\t  \u003ctd\u003e\u003c?php printf(metadata_value(\"instance/hostname\")) ?\u003e\u003c/td\u003e\n\t\u003c/tr\u003e\n\t\u003ctr\u003e\n\t  \u003ctd\u003eZone\u003c/td\u003e\n\t  \u003ctd\u003e\u003c?php printf(metadata_value(\"instance/zone\")) ?\u003e\u003c/td\u003e\n\t\u003c/tr\u003e\n    \u003ctr\u003e\n\t  \u003ctd\u003eMachine Type\u003c/td\u003e\n\t  \u003ctd\u003e\u003c?php printf(metadata_value(\"instance/machine-type\")) ?\u003e\u003c/td\u003e\n\t\u003c/tr\u003e\n\t\u003ctr\u003e\n\t  \u003ctd\u003eProject\u003c/td\u003e\n\t  \u003ctd\u003e\u003c?php printf(metadata_value(\"project/project-id\")) ?\u003e\u003c/td\u003e\n\t\u003c/tr\u003e\n\t\u003ctr\u003e\n\t  \u003ctd\u003eInternal IP\u003c/td\u003e\n\t  \u003ctd\u003e\u003c?php printf(metadata_value(\"instance/network-interfaces/0/ip\")) ?\u003e\u003c/td\u003e\n\t\u003c/tr\u003e\n\t\u003ctr\u003e\n\t  \u003ctd\u003eExternal IP\u003c/td\u003e\n\t  \u003ctd\u003e\u003c?php printf(metadata_value(\"instance/network-interfaces/0/access-configs/0/external-ip\")) ?\u003e\u003c/td\u003e\n\t\u003c/tr\u003e\n  \u003c/tbody\u003e\n\u003c/table\u003e\n\u003c/div\u003e\n\u003c/div\u003e\n\u003cdiv class=\"card blue\"\u003e\n\u003cdiv class=\"card-content white-text\"\u003e\n\u003cdiv class=\"card-title\"\u003eProxy that handled this request\u003c/div\u003e\n\u003c/div\u003e\n\u003cdiv class=\"card-content white\"\u003e\n\u003ctable class=\"bordered\"\u003e\n  \u003ctbody\u003e\n\t\u003ctr\u003e\n\t  \u003ctd\u003eAddress\u003c/td\u003e\n\t  \u003ctd\u003e\u003c?php printf($_SERVER[\"HTTP_HOST\"]); ?\u003e\u003c/td\u003e\n\t\u003c/tr\u003e\n  \u003c/tbody\u003e\n\u003c/table\u003e\n\u003c/div\u003e\n\u003c/div\u003e\n\u003c/div\u003e\n\u003cdiv class=\"col s2\"\u003e\u0026nbsp;\u003c/div\u003e\n\u003c/div\u003e\n\u003c/div\u003e\n\u003c/html\u003e\nEOF\nsudo mv /var/www/html/index.html /var/www/html/index.html.old\n\n[[ -n \"/group2\" ]] \u0026\u0026 mkdir -p /var/www/html//group2 \u0026\u0026 cp /var/www/html/index.php /var/www/html//group2/index.php\n\nsystemctl enable apache2\nsystemctl restart apache2\n",
                            "template": "#!/bin/bash -xe\n\napt-get update\napt-get install -y apache2 libapache2-mod-php\n\ncat \u003e /var/www/html/index.php \u003c\u003c'EOF'\n\u003c?php\nfunction metadata_value($value) {\n    $opts = [\n        \"http\" =\u003e [\n            \"method\" =\u003e \"GET\",\n            \"header\" =\u003e \"Metadata-Flavor: Google\"\n        ]\n    ];\n    $context = stream_context_create($opts);\n    $content = file_get_contents(\"http://metadata/computeMetadata/v1/$value\", false, $context);\n    return $content;\n}\nif ($_SERVER['HTTP_X_FORWARDED_PROTO'] == \"http\") {\n\t\t$redirect = 'https://' . $_SERVER['HTTP_HOST'] . $_SERVER['REQUEST_URI'];\n\t\theader('HTTP/1.1 301 Moved Permanently');\n\t\theader('Location: ' . $redirect);\n\t\texit();\n}\n?\u003e\n\u003c!doctype html\u003e\n\u003chtml\u003e\n\u003chead\u003e\n\u003c!-- Compiled and minified CSS --\u003e\n\u003clink rel=\"stylesheet\" href=\"https://cdnjs.cloudflare.com/ajax/libs/materialize/0.97.0/css/materialize.min.css\"\u003e\n\u003c!-- Compiled and minified JavaScript --\u003e\n\u003cscript src=\"https://cdnjs.cloudflare.com/ajax/libs/materialize/0.97.0/js/materialize.min.js\"\u003e\u003c/script\u003e\n\u003ctitle\u003eFrontend Web Server\u003c/title\u003e\n\u003c/head\u003e\n\u003cbody\u003e\n\u003cdiv class=\"container\"\u003e\n\u003cdiv class=\"row\"\u003e\n\u003cdiv class=\"col s2\"\u003e\u0026nbsp;\u003c/div\u003e\n\u003cdiv class=\"col s8\"\u003e\n\u003cimg src=\"/assets/gcp-logo.svg\"/\u003e\n\u003cdiv class=\"card blue\"\u003e\n\u003cdiv class=\"card-content white-text\"\u003e\n\u003cdiv class=\"card-title\"\u003eBackend that serviced this request\u003c/div\u003e\n\u003c/div\u003e\n\u003cdiv class=\"card-content white\"\u003e\n\u003ctable class=\"bordered\"\u003e\n  \u003ctbody\u003e\n\t\u003ctr\u003e\n\t  \u003ctd\u003eName\u003c/td\u003e\n\t  \u003ctd\u003e\u003c?php printf(metadata_value(\"instance/name\")) ?\u003e\u003c/td\u003e\n\t\u003c/tr\u003e\n\t\u003ctr\u003e\n\t  \u003ctd\u003eID\u003c/td\u003e\n\t  \u003ctd\u003e\u003c?php printf(metadata_value(\"instance/id\")) ?\u003e\u003c/td\u003e\n\t\u003c/tr\u003e\n\t\u003ctr\u003e\n\t  \u003ctd\u003eHostname\u003c/td\u003e\n\t  \u003ctd\u003e\u003c?php printf(metadata_value(\"instance/hostname\")) ?\u003e\u003c/td\u003e\n\t\u003c/tr\u003e\n\t\u003ctr\u003e\n\t  \u003ctd\u003eZone\u003c/td\u003e\n\t  \u003ctd\u003e\u003c?php printf(metadata_value(\"instance/zone\")) ?\u003e\u003c/td\u003e\n\t\u003c/tr\u003e\n    \u003ctr\u003e\n\t  \u003ctd\u003eMachine Type\u003c/td\u003e\n\t  \u003ctd\u003e\u003c?php printf(metadata_value(\"instance/machine-type\")) ?\u003e\u003c/td\u003e\n\t\u003c/tr\u003e\n\t\u003ctr\u003e\n\t  \u003ctd\u003eProject\u003c/td\u003e\n\t  \u003ctd\u003e\u003c?php printf(metadata_value(\"project/project-id\")) ?\u003e\u003c/td\u003e\n\t\u003c/tr\u003e\n\t\u003ctr\u003e\n\t  \u003ctd\u003eInternal IP\u003c/td\u003e\n\t  \u003ctd\u003e\u003c?php printf(metadata_value(\"instance/network-interfaces/0/ip\")) ?\u003e\u003c/td\u003e\n\t\u003c/tr\u003e\n\t\u003ctr\u003e\n\t  \u003ctd\u003eExternal IP\u003c/td\u003e\n\t  \u003ctd\u003e\u003c?php printf(metadata_value(\"instance/network-interfaces/0/access-configs/0/external-ip\")) ?\u003e\u003c/td\u003e\n\t\u003c/tr\u003e\n  \u003c/tbody\u003e\n\u003c/table\u003e\n\u003c/div\u003e\n\u003c/div\u003e\n\u003cdiv class=\"card blue\"\u003e\n\u003cdiv class=\"card-content white-text\"\u003e\n\u003cdiv class=\"card-title\"\u003eProxy that handled this request\u003c/div\u003e\n\u003c/div\u003e\n\u003cdiv class=\"card-content white\"\u003e\n\u003ctable class=\"bordered\"\u003e\n  \u003ctbody\u003e\n\t\u003ctr\u003e\n\t  \u003ctd\u003eAddress\u003c/td\u003e\n\t  \u003ctd\u003e\u003c?php printf($_SERVER[\"HTTP_HOST\"]); ?\u003e\u003c/td\u003e\n\t\u003c/tr\u003e\n  \u003c/tbody\u003e\n\u003c/table\u003e\n\u003c/div\u003e\n\u003c/div\u003e\n\u003c/div\u003e\n\u003cdiv class=\"col s2\"\u003e\u0026nbsp;\u003c/div\u003e\n\u003c/div\u003e\n\u003c/div\u003e\n\u003c/html\u003e\nEOF\nsudo mv /var/www/html/index.html /var/www/html/index.html.old\n\n[[ -n \"${PROXY_PATH}\" ]] \u0026\u0026 mkdir -p /var/www/html/${PROXY_PATH} \u0026\u0026 cp /var/www/html/index.php /var/www/html/${PROXY_PATH}/index.php\n\nsystemctl enable apache2\nsystemctl restart apache2\n",
                            "vars.%": "1",
                            "vars.PROXY_PATH": "/group2"
                        },
                        "meta": {},
                        "tainted": false
                    },
                    "deposed": [],
                    "provider": "provider.template"
                },
                "data.template_file.group3-startup-script": {
                    "type": "template_file",
                    "depends_on": [],
                    "primary": {
                        "id": "11f40f5047b3911aa7ac2af70233cb866dbdbb257d02ec4518891ea32c458e55",
                        "attributes": {
                            "id": "11f40f5047b3911aa7ac2af70233cb866dbdbb257d02ec4518891ea32c458e55",
                            "rendered": "#!/bin/bash -xe\n\napt-get update\napt-get install -y apache2 libapache2-mod-php\n\ncat \u003e /var/www/html/index.php \u003c\u003c'EOF'\n\u003c?php\nfunction metadata_value($value) {\n    $opts = [\n        \"http\" =\u003e [\n            \"method\" =\u003e \"GET\",\n            \"header\" =\u003e \"Metadata-Flavor: Google\"\n        ]\n    ];\n    $context = stream_context_create($opts);\n    $content = file_get_contents(\"http://metadata/computeMetadata/v1/$value\", false, $context);\n    return $content;\n}\nif ($_SERVER['HTTP_X_FORWARDED_PROTO'] == \"http\") {\n\t\t$redirect = 'https://' . $_SERVER['HTTP_HOST'] . $_SERVER['REQUEST_URI'];\n\t\theader('HTTP/1.1 301 Moved Permanently');\n\t\theader('Location: ' . $redirect);\n\t\texit();\n}\n?\u003e\n\u003c!doctype html\u003e\n\u003chtml\u003e\n\u003chead\u003e\n\u003c!-- Compiled and minified CSS --\u003e\n\u003clink rel=\"stylesheet\" href=\"https://cdnjs.cloudflare.com/ajax/libs/materialize/0.97.0/css/materialize.min.css\"\u003e\n\u003c!-- Compiled and minified JavaScript --\u003e\n\u003cscript src=\"https://cdnjs.cloudflare.com/ajax/libs/materialize/0.97.0/js/materialize.min.js\"\u003e\u003c/script\u003e\n\u003ctitle\u003eFrontend Web Server\u003c/title\u003e\n\u003c/head\u003e\n\u003cbody\u003e\n\u003cdiv class=\"container\"\u003e\n\u003cdiv class=\"row\"\u003e\n\u003cdiv class=\"col s2\"\u003e\u0026nbsp;\u003c/div\u003e\n\u003cdiv class=\"col s8\"\u003e\n\u003cimg src=\"/assets/gcp-logo.svg\"/\u003e\n\u003cdiv class=\"card blue\"\u003e\n\u003cdiv class=\"card-content white-text\"\u003e\n\u003cdiv class=\"card-title\"\u003eBackend that serviced this request\u003c/div\u003e\n\u003c/div\u003e\n\u003cdiv class=\"card-content white\"\u003e\n\u003ctable class=\"bordered\"\u003e\n  \u003ctbody\u003e\n\t\u003ctr\u003e\n\t  \u003ctd\u003eName\u003c/td\u003e\n\t  \u003ctd\u003e\u003c?php printf(metadata_value(\"instance/name\")) ?\u003e\u003c/td\u003e\n\t\u003c/tr\u003e\n\t\u003ctr\u003e\n\t  \u003ctd\u003eID\u003c/td\u003e\n\t  \u003ctd\u003e\u003c?php printf(metadata_value(\"instance/id\")) ?\u003e\u003c/td\u003e\n\t\u003c/tr\u003e\n\t\u003ctr\u003e\n\t  \u003ctd\u003eHostname\u003c/td\u003e\n\t  \u003ctd\u003e\u003c?php printf(metadata_value(\"instance/hostname\")) ?\u003e\u003c/td\u003e\n\t\u003c/tr\u003e\n\t\u003ctr\u003e\n\t  \u003ctd\u003eZone\u003c/td\u003e\n\t  \u003ctd\u003e\u003c?php printf(metadata_value(\"instance/zone\")) ?\u003e\u003c/td\u003e\n\t\u003c/tr\u003e\n    \u003ctr\u003e\n\t  \u003ctd\u003eMachine Type\u003c/td\u003e\n\t  \u003ctd\u003e\u003c?php printf(metadata_value(\"instance/machine-type\")) ?\u003e\u003c/td\u003e\n\t\u003c/tr\u003e\n\t\u003ctr\u003e\n\t  \u003ctd\u003eProject\u003c/td\u003e\n\t  \u003ctd\u003e\u003c?php printf(metadata_value(\"project/project-id\")) ?\u003e\u003c/td\u003e\n\t\u003c/tr\u003e\n\t\u003ctr\u003e\n\t  \u003ctd\u003eInternal IP\u003c/td\u003e\n\t  \u003ctd\u003e\u003c?php printf(metadata_value(\"instance/network-interfaces/0/ip\")) ?\u003e\u003c/td\u003e\n\t\u003c/tr\u003e\n\t\u003ctr\u003e\n\t  \u003ctd\u003eExternal IP\u003c/td\u003e\n\t  \u003ctd\u003e\u003c?php printf(metadata_value(\"instance/network-interfaces/0/access-configs/0/external-ip\")) ?\u003e\u003c/td\u003e\n\t\u003c/tr\u003e\n  \u003c/tbody\u003e\n\u003c/table\u003e\n\u003c/div\u003e\n\u003c/div\u003e\n\u003cdiv class=\"card blue\"\u003e\n\u003cdiv class=\"card-content white-text\"\u003e\n\u003cdiv class=\"card-title\"\u003eProxy that handled this request\u003c/div\u003e\n\u003c/div\u003e\n\u003cdiv class=\"card-content white\"\u003e\n\u003ctable class=\"bordered\"\u003e\n  \u003ctbody\u003e\n\t\u003ctr\u003e\n\t  \u003ctd\u003eAddress\u003c/td\u003e\n\t  \u003ctd\u003e\u003c?php printf($_SERVER[\"HTTP_HOST\"]); ?\u003e\u003c/td\u003e\n\t\u003c/tr\u003e\n  \u003c/tbody\u003e\n\u003c/table\u003e\n\u003c/div\u003e\n\u003c/div\u003e\n\u003c/div\u003e\n\u003cdiv class=\"col s2\"\u003e\u0026nbsp;\u003c/div\u003e\n\u003c/div\u003e\n\u003c/div\u003e\n\u003c/html\u003e\nEOF\nsudo mv /var/www/html/index.html /var/www/html/index.html.old\n\n[[ -n \"/group3\" ]] \u0026\u0026 mkdir -p /var/www/html//group3 \u0026\u0026 cp /var/www/html/index.php /var/www/html//group3/index.php\n\nsystemctl enable apache2\nsystemctl restart apache2\n",
                            "template": "#!/bin/bash -xe\n\napt-get update\napt-get install -y apache2 libapache2-mod-php\n\ncat \u003e /var/www/html/index.php \u003c\u003c'EOF'\n\u003c?php\nfunction metadata_value($value) {\n    $opts = [\n        \"http\" =\u003e [\n            \"method\" =\u003e \"GET\",\n            \"header\" =\u003e \"Metadata-Flavor: Google\"\n        ]\n    ];\n    $context = stream_context_create($opts);\n    $content = file_get_contents(\"http://metadata/computeMetadata/v1/$value\", false, $context);\n    return $content;\n}\nif ($_SERVER['HTTP_X_FORWARDED_PROTO'] == \"http\") {\n\t\t$redirect = 'https://' . $_SERVER['HTTP_HOST'] . $_SERVER['REQUEST_URI'];\n\t\theader('HTTP/1.1 301 Moved Permanently');\n\t\theader('Location: ' . $redirect);\n\t\texit();\n}\n?\u003e\n\u003c!doctype html\u003e\n\u003chtml\u003e\n\u003chead\u003e\n\u003c!-- Compiled and minified CSS --\u003e\n\u003clink rel=\"stylesheet\" href=\"https://cdnjs.cloudflare.com/ajax/libs/materialize/0.97.0/css/materialize.min.css\"\u003e\n\u003c!-- Compiled and minified JavaScript --\u003e\n\u003cscript src=\"https://cdnjs.cloudflare.com/ajax/libs/materialize/0.97.0/js/materialize.min.js\"\u003e\u003c/script\u003e\n\u003ctitle\u003eFrontend Web Server\u003c/title\u003e\n\u003c/head\u003e\n\u003cbody\u003e\n\u003cdiv class=\"container\"\u003e\n\u003cdiv class=\"row\"\u003e\n\u003cdiv class=\"col s2\"\u003e\u0026nbsp;\u003c/div\u003e\n\u003cdiv class=\"col s8\"\u003e\n\u003cimg src=\"/assets/gcp-logo.svg\"/\u003e\n\u003cdiv class=\"card blue\"\u003e\n\u003cdiv class=\"card-content white-text\"\u003e\n\u003cdiv class=\"card-title\"\u003eBackend that serviced this request\u003c/div\u003e\n\u003c/div\u003e\n\u003cdiv class=\"card-content white\"\u003e\n\u003ctable class=\"bordered\"\u003e\n  \u003ctbody\u003e\n\t\u003ctr\u003e\n\t  \u003ctd\u003eName\u003c/td\u003e\n\t  \u003ctd\u003e\u003c?php printf(metadata_value(\"instance/name\")) ?\u003e\u003c/td\u003e\n\t\u003c/tr\u003e\n\t\u003ctr\u003e\n\t  \u003ctd\u003eID\u003c/td\u003e\n\t  \u003ctd\u003e\u003c?php printf(metadata_value(\"instance/id\")) ?\u003e\u003c/td\u003e\n\t\u003c/tr\u003e\n\t\u003ctr\u003e\n\t  \u003ctd\u003eHostname\u003c/td\u003e\n\t  \u003ctd\u003e\u003c?php printf(metadata_value(\"instance/hostname\")) ?\u003e\u003c/td\u003e\n\t\u003c/tr\u003e\n\t\u003ctr\u003e\n\t  \u003ctd\u003eZone\u003c/td\u003e\n\t  \u003ctd\u003e\u003c?php printf(metadata_value(\"instance/zone\")) ?\u003e\u003c/td\u003e\n\t\u003c/tr\u003e\n    \u003ctr\u003e\n\t  \u003ctd\u003eMachine Type\u003c/td\u003e\n\t  \u003ctd\u003e\u003c?php printf(metadata_value(\"instance/machine-type\")) ?\u003e\u003c/td\u003e\n\t\u003c/tr\u003e\n\t\u003ctr\u003e\n\t  \u003ctd\u003eProject\u003c/td\u003e\n\t  \u003ctd\u003e\u003c?php printf(metadata_value(\"project/project-id\")) ?\u003e\u003c/td\u003e\n\t\u003c/tr\u003e\n\t\u003ctr\u003e\n\t  \u003ctd\u003eInternal IP\u003c/td\u003e\n\t  \u003ctd\u003e\u003c?php printf(metadata_value(\"instance/network-interfaces/0/ip\")) ?\u003e\u003c/td\u003e\n\t\u003c/tr\u003e\n\t\u003ctr\u003e\n\t  \u003ctd\u003eExternal IP\u003c/td\u003e\n\t  \u003ctd\u003e\u003c?php printf(metadata_value(\"instance/network-interfaces/0/access-configs/0/external-ip\")) ?\u003e\u003c/td\u003e\n\t\u003c/tr\u003e\n  \u003c/tbody\u003e\n\u003c/table\u003e\n\u003c/div\u003e\n\u003c/div\u003e\n\u003cdiv class=\"card blue\"\u003e\n\u003cdiv class=\"card-content white-text\"\u003e\n\u003cdiv class=\"card-title\"\u003eProxy that handled this request\u003c/div\u003e\n\u003c/div\u003e\n\u003cdiv class=\"card-content white\"\u003e\n\u003ctable class=\"bordered\"\u003e\n  \u003ctbody\u003e\n\t\u003ctr\u003e\n\t  \u003ctd\u003eAddress\u003c/td\u003e\n\t  \u003ctd\u003e\u003c?php printf($_SERVER[\"HTTP_HOST\"]); ?\u003e\u003c/td\u003e\n\t\u003c/tr\u003e\n  \u003c/tbody\u003e\n\u003c/table\u003e\n\u003c/div\u003e\n\u003c/div\u003e\n\u003c/div\u003e\n\u003cdiv class=\"col s2\"\u003e\u0026nbsp;\u003c/div\u003e\n\u003c/div\u003e\n\u003c/div\u003e\n\u003c/html\u003e\nEOF\nsudo mv /var/www/html/index.html /var/www/html/index.html.old\n\n[[ -n \"${PROXY_PATH}\" ]] \u0026\u0026 mkdir -p /var/www/html/${PROXY_PATH} \u0026\u0026 cp /var/www/html/index.php /var/www/html/${PROXY_PATH}/index.php\n\nsystemctl enable apache2\nsystemctl restart apache2\n",
                            "vars.%": "1",
                            "vars.PROXY_PATH": "/group3"
                        },
                        "meta": {},
                        "tainted": false
                    },
                    "deposed": [],
                    "provider": "provider.template"
                },
                "google_compute_backend_bucket.assets": {
                    "type": "google_compute_backend_bucket",
                    "depends_on": [
                        "google_storage_bucket.assets",
                        "random_id.assets-bucket"
                    ],
                    "primary": {
                        "id": "terraform-static-content-9d7b",
                        "attributes": {
                            "bucket_name": "terraform-static-content-9d7b",
                            "creation_timestamp": "2019-02-05T07:26:35.172-08:00",
                            "description": "Contains static resources for example app",
                            "enable_cdn": "true",
                            "id": "terraform-static-content-9d7b",
                            "name": "terraform-static-content-9d7b",
                            "project": "sandbox-303kdn50",
                            "self_link": "https://www.googleapis.com/compute/v1/projects/sandbox-303kdn50/global/backendBuckets/terraform-static-content-9d7b"
                        },
                        "meta": {
                            "e2bfb730-ecaa-11e6-8f88-34363bc7c4c0": {
                                "create": 240000000000,
                                "delete": 240000000000,
                                "update": 240000000000
                            }
                        },
                        "tainted": false
                    },
                    "deposed": [],
                    "provider": "provider.google"
                },
                "google_compute_network.default": {
                    "type": "google_compute_network",
                    "depends_on": [],
                    "primary": {
                        "id": "tf-lb-https-multi-cert",
                        "attributes": {
                            "auto_create_subnetworks": "false",
                            "description": "",
                            "gateway_ipv4": "",
                            "id": "tf-lb-https-multi-cert",
                            "ipv4_range": "",
                            "name": "tf-lb-https-multi-cert",
                            "project": "sandbox-303kdn50",
                            "routing_mode": "REGIONAL",
                            "self_link": "https://www.googleapis.com/compute/v1/projects/sandbox-303kdn50/global/networks/tf-lb-https-multi-cert"
                        },
                        "meta": {},
                        "tainted": false
                    },
                    "deposed": [],
                    "provider": "provider.google"
                },
                "google_compute_security_policy.policy": {
                    "type": "google_compute_security_policy",
                    "depends_on": [],
                    "primary": {
                        "id": "my-policy",
                        "attributes": {
                            "description": "",
                            "fingerprint": "OMAQuvoGGAg=",
                            "id": "my-policy",
                            "name": "my-policy",
                            "project": "sandbox-303kdn50",
                            "rule.#": "2",
                            "rule.2709529529.action": "allow",
                            "rule.2709529529.description": "default rule",
                            "rule.2709529529.match.#": "1",
                            "rule.2709529529.match.0.config.#": "1",
                            "rule.2709529529.match.0.config.0.src_ip_ranges.#": "1",
                            "rule.2709529529.match.0.config.0.src_ip_ranges.2679715827": "*",
                            "rule.2709529529.match.0.versioned_expr": "SRC_IPS_V1",
                            "rule.2709529529.preview": "false",
                            "rule.2709529529.priority": "2147483647",
                            "rule.2819289365.action": "deny(403)",
                            "rule.2819289365.description": "Deny all access",
                            "rule.2819289365.match.#": "1",
                            "rule.2819289365.match.0.config.#": "1",
                            "rule.2819289365.match.0.config.0.src_ip_ranges.#": "1",
                            "rule.2819289365.match.0.config.0.src_ip_ranges.2679715827": "*",
                            "rule.2819289365.match.0.versioned_expr": "SRC_IPS_V1",
                            "rule.2819289365.preview": "true",
                            "rule.2819289365.priority": "1000",
                            "self_link": "https://www.googleapis.com/compute/v1/projects/sandbox-303kdn50/global/securityPolicies/my-policy"
                        },
                        "meta": {
                            "e2bfb730-ecaa-11e6-8f88-34363bc7c4c0": {
                                "create": 240000000000,
                                "delete": 240000000000,
                                "update": 240000000000
                            }
                        },
                        "tainted": false
                    },
                    "deposed": [],
                    "provider": "provider.google"
                },
                "google_compute_ssl_certificate.example": {
                    "type": "google_compute_ssl_certificate",
                    "depends_on": [],
                    "primary": {
                        "id": "example-marcoseravalli-com-20190205152621573400000001",
                        "attributes": {
                            "certificate": "-----BEGIN CERTIFICATE-----\nMIIC6zCCAdMCCQDgg+83gtoJaTANBgkqhkiG9w0BAQsFADAaMQswCQYDVQQGEwJk\nZTELMAkGA1UECAwCYmEwHhcNMTkwMjA1MTUxMjM4WhcNMjAwNjE5MTUxMjM4WjBV\nMQswCQYDVQQGEwJVUzELMAkGA1UECAwCQ0ExFDASBgNVBAoMC015T3JnLCBJbmMu\nMSMwIQYDVQQDDBpleGFtcGxlLm1hcmNvc2VyYXZhbGxpLmNvbTCCASIwDQYJKoZI\nhvcNAQEBBQADggEPADCCAQoCggEBALn/moWwSXXlTBkmgGeQLKcGdSTmoWy/PffI\nSasd8kFQ35tlJpGn3SKT1nlfpck52PtUkr/Eo6ow8I7Iy+IF5jWUyDYGKWAEmRCW\nVwCrvEGJS5n4pgCB2diFwR9c+kvo9kXVg4YOtoVgqSDOIXDdiPsJ4oRAEmfa48R8\nxP4917ybVToCipxalYkmgpqe1MXN2Jx9MDjnqENbUb6MKHSMXhT0VtCa61ih2O3o\nDNPQOnCN5k1cwXLoSiJjm56GJZ83mfnCETWkJxgA8l8Y0dDfDZ2UsVj5D3W0e812\nn7M6IBUeLQlV68ru0VChCAl/ve9YGgujHDhr0qTVquNKH9sQ5ZcCAwEAATANBgkq\nhkiG9w0BAQsFAAOCAQEAbDzhunKtRN0ctu9ZLbcnTfuwYAWt3+ct2v1lx/uNyt88\n4/gbTPsXw2DPxFaR/rB9Uw9OGh4oRsjNPuiUjFGl71ZHU255K9irmYDmXeg8/ZJd\nc8vFEXNBr6BVDN9yAD+Cny2LGlnNhOqM/3iAnX4H/WKxguzdoRZ7eYcniKzNkkG2\nLVWNU8p8i4QUyEDveiYQdz17TwFf703xjOTd6puouhvegcCjKrosbt6Xx4P703xr\nuPfXprdcdpYr+ArHEBNW6le1FXndGI0MkAoj+QwnL2eCXBai9M0G5eiOsS4yIXXI\nld13n3l512HWp0fXT1SLFsuJPILCpP6GYuCqqcsdaQ==\n-----END CERTIFICATE-----\n",
                            "certificate_id": "1851384163814610416",
                            "creation_timestamp": "2019-02-05T07:26:23.278-08:00",
                            "description": "a description",
                            "id": "example-marcoseravalli-com-20190205152621573400000001",
                            "name": "example-marcoseravalli-com-20190205152621573400000001",
                            "name_prefix": "example-marcoseravalli-com-",
                            "private_key": "-----BEGIN RSA PRIVATE KEY-----\nMIIEpAIBAAKCAQEAuf+ahbBJdeVMGSaAZ5AspwZ1JOahbL8998hJqx3yQVDfm2Um\nkafdIpPWeV+lyTnY+1SSv8SjqjDwjsjL4gXmNZTINgYpYASZEJZXAKu8QYlLmfim\nAIHZ2IXBH1z6S+j2RdWDhg62hWCpIM4hcN2I+wnihEASZ9rjxHzE/j3XvJtVOgKK\nnFqViSaCmp7Uxc3YnH0wOOeoQ1tRvowodIxeFPRW0JrrWKHY7egM09A6cI3mTVzB\ncuhKImObnoYlnzeZ+cIRNaQnGADyXxjR0N8NnZSxWPkPdbR7zXafszogFR4tCVXr\nyu7RUKEICX+971gaC6McOGvSpNWq40of2xDllwIDAQABAoIBAQC3gD5h4N9IyjT+\npyaNhgcXrd5KzqK52B954wcTJFNKL1C8Tdn0X8ligLpbOoskcMbqhrDVM1pI4Umj\nhOTpE+rgN+4ipoeRbFfarogdaFEt0xdcS5zy6SkUXjl/CMsDs02s7g55ZvCZvBh/\n/f2uDVJEYacx1MiT37dQtcvgDQFX17U7EZfOm3OZb57ZIB+0+ZW/HTRYfDb1/LuI\nll3Ok6sNYhL4H0ExSpa2lwod+9rlwYjSecbsgz2EecXV4eSn3/e45WBK3MheVaVh\nek0va6jVX2Gp/6NZUwvppQeB6IhxgsOBlqZOgyV3/wltAlabptrfKAzJouDYtyK4\nBRjjCjC5AoGBAOGQmmNNzb1UlA836bZwwJcgd7cZqFx5ZnVQijuASBnCFouvui5g\n2d6/VRIXouETBJLnRRHKGLLUNaa3xX2VRFlvqCxLdfer+VCuVR/Tf5etYWYYHzwX\nVURBF+JB+yPgrlSSBpf5t7TICrcoGeoE6E3g5g0d/E0/QhDBXC3yZK1DAoGBANMY\nTx98f1mqMhpIA32ZDnbpxl7+2X7M6EzHcyJFZFfUy8r4Ip7d4UL+ZtJosLeMT39C\nr4OTJw+ci76et5ZcfASKOTdFuW9RTdoVRRutioF7z3FeV8mFmYN6ZBCSvvhM/O/m\na65GpuNZF7vTj42Q5OGpiH+wUoFI3QfSZxDh4tcdAoGAMzJaCG4RY4a98FJVhqZC\n4EprQbDeKNcZLUlxhp3QP6Bw85WYIYy0Br3QtkGNI57oa9t4Lth7EKPf5Y5SkfV+\nRPp15k/eX6+1790Rzx53GFsu/zg8Zqw5GzvXCvDE6tjFWMaoHnh8fNjmrbm5YAdr\nHroMHTAQIwxXl2v72yXoOfcCgYEAxtHYhBFgaPVSJ0q4bu1foERi4EosU69vBBG+\nsQKmlcsI/uxivzq/1beC5J5SAy6WGYiXgtdwLNYHEMywoWAONsBxT0vOcbgkGUl7\nQ6xaDcatBVwUVuwMQLdf0/RDBd6NRO7DcOt+eBcLsY57YJyd1qU0uP87ViVoeNuE\n03PNkUkCgYAT2j/lubfms0+h+V/zOgInEqzJe5XpOdQFDi1C9SBbbINdYEl9SDU2\nsjEcqMK+on+tE39cYZ1keEnUAowyLX+nPZdd/lxIUr/fZstOLvflp4xC54c4Fsp/\nVauGHRimJ65QWjtYE8T1K72A5YWwSCN+IBzkr2P+kuzKuKHEqLn5nQ==\n-----END RSA PRIVATE KEY-----\n",
                            "project": "sandbox-303kdn50",
                            "self_link": "https://www.googleapis.com/compute/v1/projects/sandbox-303kdn50/global/sslCertificates/example-marcoseravalli-com-20190205152621573400000001"
                        },
                        "meta": {
                            "e2bfb730-ecaa-11e6-8f88-34363bc7c4c0": {
                                "create": 240000000000,
                                "delete": 240000000000
                            }
                        },
                        "tainted": false
                    },
                    "deposed": [],
                    "provider": "provider.google"
                },
                "google_compute_subnetwork.group1": {
                    "type": "google_compute_subnetwork",
                    "depends_on": [
                        "google_compute_network.default"
                    ],
                    "primary": {
                        "id": "europe-west1/tf-lb-https-multi-cert",
                        "attributes": {
                            "creation_timestamp": "2019-02-05T07:26:36.230-08:00",
                            "description": "",
                            "enable_flow_logs": "false",
                            "fingerprint": "17B2dfAms0M=",
                            "gateway_address": "10.125.0.1",
                            "id": "europe-west1/tf-lb-https-multi-cert",
                            "ip_cidr_range": "10.125.0.0/20",
                            "name": "tf-lb-https-multi-cert",
                            "network": "https://www.googleapis.com/compute/v1/projects/sandbox-303kdn50/global/networks/tf-lb-https-multi-cert",
                            "private_ip_google_access": "true",
                            "project": "sandbox-303kdn50",
                            "region": "europe-west1",
                            "secondary_ip_range.#": "0",
                            "self_link": "https://www.googleapis.com/compute/v1/projects/sandbox-303kdn50/regions/europe-west1/subnetworks/tf-lb-https-multi-cert"
                        },
                        "meta": {
                            "e2bfb730-ecaa-11e6-8f88-34363bc7c4c0": {
                                "create": 360000000000,
                                "delete": 360000000000,
                                "update": 360000000000
                            }
                        },
                        "tainted": false
                    },
                    "deposed": [],
                    "provider": "provider.google"
                },
                "google_compute_subnetwork.group2": {
                    "type": "google_compute_subnetwork",
                    "depends_on": [
                        "google_compute_network.default"
                    ],
                    "primary": {
                        "id": "europe-west2/tf-lb-https-multi-cert",
                        "attributes": {
                            "creation_timestamp": "2019-02-05T07:26:36.440-08:00",
                            "description": "",
                            "enable_flow_logs": "false",
                            "fingerprint": "GYwiILwcC5g=",
                            "gateway_address": "10.126.0.1",
                            "id": "europe-west2/tf-lb-https-multi-cert",
                            "ip_cidr_range": "10.126.0.0/20",
                            "name": "tf-lb-https-multi-cert",
                            "network": "https://www.googleapis.com/compute/v1/projects/sandbox-303kdn50/global/networks/tf-lb-https-multi-cert",
                            "private_ip_google_access": "true",
                            "project": "sandbox-303kdn50",
                            "region": "europe-west2",
                            "secondary_ip_range.#": "0",
                            "self_link": "https://www.googleapis.com/compute/v1/projects/sandbox-303kdn50/regions/europe-west2/subnetworks/tf-lb-https-multi-cert"
                        },
                        "meta": {
                            "e2bfb730-ecaa-11e6-8f88-34363bc7c4c0": {
                                "create": 360000000000,
                                "delete": 360000000000,
                                "update": 360000000000
                            }
                        },
                        "tainted": false
                    },
                    "deposed": [],
                    "provider": "provider.google"
                },
                "google_compute_subnetwork.group3": {
                    "type": "google_compute_subnetwork",
                    "depends_on": [
                        "google_compute_network.default"
                    ],
                    "primary": {
                        "id": "europe-north1/tf-lb-https-multi-cert",
                        "attributes": {
                            "creation_timestamp": "2019-02-05T07:26:36.223-08:00",
                            "description": "",
                            "enable_flow_logs": "false",
                            "fingerprint": "3mU4m5UAAr0=",
                            "gateway_address": "10.127.0.1",
                            "id": "europe-north1/tf-lb-https-multi-cert",
                            "ip_cidr_range": "10.127.0.0/20",
                            "name": "tf-lb-https-multi-cert",
                            "network": "https://www.googleapis.com/compute/v1/projects/sandbox-303kdn50/global/networks/tf-lb-https-multi-cert",
                            "private_ip_google_access": "true",
                            "project": "sandbox-303kdn50",
                            "region": "europe-north1",
                            "secondary_ip_range.#": "0",
                            "self_link": "https://www.googleapis.com/compute/v1/projects/sandbox-303kdn50/regions/europe-north1/subnetworks/tf-lb-https-multi-cert"
                        },
                        "meta": {
                            "e2bfb730-ecaa-11e6-8f88-34363bc7c4c0": {
                                "create": 360000000000,
                                "delete": 360000000000,
                                "update": 360000000000
                            }
                        },
                        "tainted": false
                    },
                    "deposed": [],
                    "provider": "provider.google"
                },
                "google_compute_url_map.https-multi-cert": {
                    "type": "google_compute_url_map",
                    "depends_on": [
                        "google_compute_backend_bucket.assets",
                        "module.gce-lb-https"
                    ],
                    "primary": {
                        "id": "tf-lb-https-multi-cert",
                        "attributes": {
                            "default_service": "https://www.googleapis.com/compute/v1/projects/sandbox-303kdn50/global/backendServices/tf-lb-https-multi-cert-backend-0",
                            "fingerprint": "jBZrworzEE0=",
                            "host_rule.#": "1",
                            "host_rule.893901077.description": "",
                            "host_rule.893901077.hosts.#": "1",
                            "host_rule.893901077.hosts.0": "*",
                            "host_rule.893901077.path_matcher": "allpaths",
                            "id": "tf-lb-https-multi-cert",
                            "map_id": "1970928763113051531",
                            "name": "tf-lb-https-multi-cert",
                            "path_matcher.#": "1",
                            "path_matcher.0.default_service": "https://www.googleapis.com/compute/v1/projects/sandbox-303kdn50/global/backendServices/tf-lb-https-multi-cert-backend-0",
                            "path_matcher.0.description": "",
                            "path_matcher.0.name": "allpaths",
                            "path_matcher.0.path_rule.#": "4",
                            "path_matcher.0.path_rule.0.paths.#": "2",
                            "path_matcher.0.path_rule.0.paths.0": "/group1",
                            "path_matcher.0.path_rule.0.paths.1": "/group1/*",
                            "path_matcher.0.path_rule.0.service": "https://www.googleapis.com/compute/v1/projects/sandbox-303kdn50/global/backendServices/tf-lb-https-multi-cert-backend-1",
                            "path_matcher.0.path_rule.1.paths.#": "2",
                            "path_matcher.0.path_rule.1.paths.0": "/group2",
                            "path_matcher.0.path_rule.1.paths.1": "/group2/*",
                            "path_matcher.0.path_rule.1.service": "https://www.googleapis.com/compute/v1/projects/sandbox-303kdn50/global/backendServices/tf-lb-https-multi-cert-backend-2",
                            "path_matcher.0.path_rule.2.paths.#": "2",
                            "path_matcher.0.path_rule.2.paths.0": "/group3",
                            "path_matcher.0.path_rule.2.paths.1": "/group3/*",
                            "path_matcher.0.path_rule.2.service": "https://www.googleapis.com/compute/v1/projects/sandbox-303kdn50/global/backendServices/tf-lb-https-multi-cert-backend-3",
                            "path_matcher.0.path_rule.3.paths.#": "2",
                            "path_matcher.0.path_rule.3.paths.0": "/assets",
                            "path_matcher.0.path_rule.3.paths.1": "/assets/*",
                            "path_matcher.0.path_rule.3.service": "https://www.googleapis.com/compute/v1/projects/sandbox-303kdn50/global/backendBuckets/terraform-static-content-9d7b",
                            "project": "sandbox-303kdn50",
                            "self_link": "https://www.googleapis.com/compute/v1/projects/sandbox-303kdn50/global/urlMaps/tf-lb-https-multi-cert",
                            "test.#": "0"
                        },
                        "meta": {},
                        "tainted": false
                    },
                    "deposed": [],
                    "provider": "provider.google"
                },
                "google_dns_managed_zone.example-marcoseravalli-com": {
                    "type": "google_dns_managed_zone",
                    "depends_on": [],
                    "primary": {
                        "id": "example-marcoseravalli-com",
                        "attributes": {
                            "description": "DNS used for examples",
                            "dns_name": "example.marcoseravalli.com.",
                            "id": "example-marcoseravalli-com",
                            "labels.%": "0",
                            "name": "example-marcoseravalli-com",
                            "name_servers.#": "4",
                            "name_servers.0": "ns-cloud-a1.googledomains.com.",
                            "name_servers.1": "ns-cloud-a2.googledomains.com.",
                            "name_servers.2": "ns-cloud-a3.googledomains.com.",
                            "name_servers.3": "ns-cloud-a4.googledomains.com.",
                            "project": "sandbox-303kdn50"
                        },
                        "meta": {},
                        "tainted": false
                    },
                    "deposed": [],
                    "provider": "provider.google"
                },
                "google_dns_record_set.zero-example-marcoseravalli-com": {
                    "type": "google_dns_record_set",
                    "depends_on": [
                        "google_dns_managed_zone.example-marcoseravalli-com",
                        "module.gce-lb-https"
                    ],
                    "primary": {
                        "id": "example-marcoseravalli-com/zero.example.marcoseravalli.com./A",
                        "attributes": {
                            "id": "example-marcoseravalli-com/zero.example.marcoseravalli.com./A",
                            "managed_zone": "example-marcoseravalli-com",
                            "name": "zero.example.marcoseravalli.com.",
                            "project": "sandbox-303kdn50",
                            "rrdatas.#": "1",
                            "rrdatas.0": "35.241.59.29",
                            "ttl": "300",
                            "type": "A"
                        },
                        "meta": {},
                        "tainted": false
                    },
                    "deposed": [],
                    "provider": "provider.google"
                },
                "google_storage_bucket.assets": {
                    "type": "google_storage_bucket",
                    "depends_on": [
                        "random_id.assets-bucket"
                    ],
                    "primary": {
                        "id": "terraform-static-content-9d7b",
                        "attributes": {
                            "cors.#": "0",
                            "encryption.#": "0",
                            "force_destroy": "true",
                            "id": "terraform-static-content-9d7b",
                            "labels.%": "0",
                            "lifecycle_rule.#": "0",
                            "location": "US",
                            "logging.#": "0",
                            "name": "terraform-static-content-9d7b",
                            "project": "sandbox-303kdn50",
                            "self_link": "https://www.googleapis.com/storage/v1/b/terraform-static-content-9d7b",
                            "storage_class": "STANDARD",
                            "url": "gs://terraform-static-content-9d7b",
                            "versioning.#": "0"
                        },
                        "meta": {},
                        "tainted": false
                    },
                    "deposed": [],
                    "provider": "provider.google"
                },
                "google_storage_bucket_object.image": {
                    "type": "google_storage_bucket_object",
                    "depends_on": [
                        "google_storage_bucket.assets"
                    ],
                    "primary": {
                        "id": "terraform-static-content-9d7b-assets/gcp-logo.svg",
                        "attributes": {
                            "bucket": "terraform-static-content-9d7b",
                            "cache_control": "",
                            "content": "\u003csvg xmlns=\"http://www.w3.org/2000/svg\" xmlns:xlink=\"http://www.w3.org/1999/xlink\" viewBox=\"0 0 286 36\"\u003e\n\u003cstyle type=\"text/css\"\u003e\n.st0{fill:none;}\n.st1{clip-path:url(#SVGID_2_);}\n.st2{fill:#547DBF;}\n.st3{fill:url(#SVGID_3_);}\n.st4{fill:url(#SVGID_4_);}\n.st5{fill:#2D3079;fill-opacity:0.1;}\n.st6{fill:#FFCE40;}\n.st7{fill:url(#SVGID_5_);}\n.st8{fill:#DB4436;}\n.st9{fill:url(#SVGID_6_);}\n.st10{fill:url(#SVGID_7_);}\n.st11{fill:#3E2723;fill-opacity:5.000000e-02;}\n.st12{clip-path:url(#SVGID_9_);}\n.st13{fill:#EEEEEE;}\n.st14{clip-path:url(#SVGID_11_);}\n.st15{fill:#FFFFFF;fill-opacity:0.4;}\n.st16{fill:#262626;fill-opacity:5.000000e-02;}\n.st17{fill:#BE3A26;fill-opacity:5.000000e-02;}\n.st18{fill:#262626;fill-opacity:0.1;}\n.st19{clip-path:url(#SVGID_2_);fill:url(#SVGID_12_);}\n.st20{fill:#FFFFFF;fill-opacity:0.2;}\n.st21{fill:#BE3A26;fill-opacity:0.1;}\n.st22{fill:#3E2723;fill-opacity:0.2;}\n.st23{fill:url(#SVGID_13_);}\n.st24{opacity:0.54;}\n.st25{clip-path:url(#SVGID_15_);fill:none;}\n.st26{clip-path:url(#SVGID_15_);}\n\u003c/style\u003e\n\u003csymbol id=\"logo_x5F_dark\" viewBox=\"0 -136 416 136\"\u003e\n\u003cpath d=\"M0.7-52.6C0.7-23.6 25-0.1 54-0.1c16 0 27.4-6.3 36-14.5L79.8-24.7C73.7-18.9 65.4-14.4 54-14.4c-21.1 0-37.6-17-37.6-38.1 0-21.1 16.5-38.1 37.6-38.1 13.7 0 21.5 5.5 26.5 10.5 4.1 4.1 6.8 10 7.8 18H54v14.3h48.3c0.5-2.6 0.8-5.6 0.8-9 0-10.8-2.9-24.1-12.4-33.5C81.4-99.9 69.6-105 54-105 25-105 0.7-81.5 0.7-52.6zM142-37.5c-18.7 0-33.9-14.2-33.9-33.8 0-19.5 15.2-33.8 33.9-33.8 18.7 0 33.9 14.3 33.9 33.8C175.9-51.7 160.7-37.5 142-37.5zM142-91.7c-10.2 0-19.1 8.4-19.1 20.5 0 12.2 8.8 20.5 19.1 20.5 10.2 0 19.1-8.3 19.1-20.5C161.1-83.3 152.2-91.7 142-91.7zM216-37.5c-18.7 0-33.9-14.2-33.9-33.8 0-19.5 15.2-33.8 33.9-33.8 18.7 0 33.9 14.3 33.9 33.8C249.9-51.7 234.7-37.5 216-37.5zM216-91.7c-10.2 0-19.1 8.4-19.1 20.5 0 12.2 8.8 20.5 19.1 20.5s19.1-8.3 19.1-20.5C235.1-83.3 226.2-91.7 216-91.7zM306.8-39.5V-45h-0.5c-3.3 4-9.7 7.6-17.8 7.6 -16.9 0-32.4-14.8-32.4-33.9 0-18.9 15.5-33.7 32.4-33.7 8.1 0 14.5 3.6 17.8 7.7h0.5v-4.9c0-12.9-6.9-19.8-18-19.8 -9.1 0-14.7 6.5-17 12l-12.9-5.4c3.7-9 13.6-20 30-20 17.4 0 32.1 10.2 32.1 35.2v60.7H306.8zM289.8-91.7c-10.2 0-18.8 8.6-18.8 20.4 0 11.9 8.6 20.6 18.8 20.6 10.1 0 18-8.7 18-20.6C307.9-83.2 299.9-91.7 289.8-91.7z\"/\u003e\n\u003cpolygon points=\"346 -103 331.2 -103 331.2 -3.7 346 -3.7\"/\u003e\n\u003cpath d=\"M386.7-91.7c-7.6 0-12.9 3.5-16.4 10.2l45.2 18.7L414-59c-2.8 7.6-11.4 21.5-28.9 21.5 -17.4 0-31.9-13.7-31.9-33.8 0-18.9 14.3-33.8 33.5-33.8 15.5 0 24.4 9.5 28.2 15l-11.5 7.7C399.5-88 394.3-91.7 386.7-91.7zM385.6-50.5c5.9 0 10.9-2.9 12.5-7.2l-30.2-12.5C367.5-57.2 378-50.5 385.6-50.5z\"/\u003e\n\u003cpolygon class=\"st0\" points=\"0 -136 416 -136 416 0 0 0\"/\u003e\n\u003c/symbol\u003e\n\u003crect x=\"1.2\" y=\"-0.1\" class=\"st0\" width=\"283.3\" height=\"36.9\"/\u003e\n\u003cdefs\u003e\n\u003cpath id=\"SVGID_1_\" d=\"M35.5 17.2l-4.6-8.1 -2.9-5C27.6 3.5 26.9 3 26 3H11c-0.8 0-1.6 0.4-2 1.2l-4.6 8.1 -2.9 5c-0.4 0.7-0.4 1.6 0 2.3L9 32.6c0.4 0.7 1.2 1.2 2 1.2h15c0.8 0 1.6-0.4 2-1.2l7.5-13.1C35.9 18.8 35.9 18 35.5 17.2zM18.4 23c-2.5 0-4.6-2.1-4.6-4.6s2.1-4.6 4.6-4.6 4.6 2.1 4.6 4.6S21 23 18.4 23z\"/\u003e\n\u003c/defs\u003e\n\u003cclipPath id=\"SVGID_2_\"\u003e\n\u003cuse xlink:href=\"#SVGID_1_\"/\u003e\n\u003c/clipPath\u003e\n\u003cg class=\"st1\"\u003e\n\u003cpath class=\"st2\" d=\"M13.2 9.2h17.7l-2.9-5C27.6 3.5 26.9 3 26 3H11c-0.8 0-1.6 0.4-2 1.2l-4.6 8.1 8.8 15.3V9.2z\"/\u003e\n\u003clinearGradient id=\"SVGID_3_\" gradientUnits=\"userSpaceOnUse\" x1=\"7.5665\" y1=\"17.7773\" x2=\"15.2215\" y2=\"13.3472\"\u003e\n\u003cstop offset=\"0\" style=\"stop-color:#2D3079;stop-opacity:0.2\"/\u003e\n\u003cstop offset=\"0.66\" style=\"stop-color:#2D3079;stop-opacity:0\"/\u003e\n\u003c/linearGradient\u003e\n\u003cpath class=\"st3\" d=\"M13.2 9.2h17.7l-2.9-5C27.6 3.5 26.9 3 26 3H11c-0.8 0-1.6 0.4-2 1.2l-4.6 8.1 8.8 15.3V9.2z\"/\u003e\n\u003clinearGradient id=\"SVGID_4_\" gradientUnits=\"userSpaceOnUse\" x1=\"3.6782\" y1=\"12.9316\" x2=\"8.196\" y2=\"17.4493\"\u003e\n\u003cstop offset=\"0\" style=\"stop-color:#2D3079;stop-opacity:0.2\"/\u003e\n\u003cstop offset=\"1\" style=\"stop-color:#2D3079;stop-opacity:4.000000e-02\"/\u003e\n\u003c/linearGradient\u003e\n\u003cpolygon class=\"st4\" points=\"4.4 12.3 8.9 16.7 8.1 18.8 \"/\u003e\n\u003cpolygon class=\"st5\" points=\"8.3 18.7 4.9 12.8 4.4 12.3 8.1 18.8 \"/\u003e\n\u003cpath class=\"st6\" d=\"M13.2 27.6L4.4 12.3l-2.9 5c-0.4 0.7-0.4 1.6 0 2.3L9 32.6c0.4 0.7 1.2 1.2 2 1.2h9.3l8.9-15.4L13.2 27.6z\"/\u003e\n\u003clinearGradient id=\"SVGID_5_\" gradientUnits=\"userSpaceOnUse\" x1=\"23.4972\" y1=\"28.2559\" x2=\"15.9109\" y2=\"23.8142\"\u003e\n\u003cstop offset=\"0\" style=\"stop-color:#BE3A26;stop-opacity:0.15\"/\u003e\n\u003cstop offset=\"0.66\" style=\"stop-color:#BE3A26;stop-opacity:0\"/\u003e\n\u003c/linearGradient\u003e\n\u003cpath class=\"st7\" d=\"M13.2 27.6L4.4 12.3l-2.9 5c-0.4 0.7-0.4 1.6 0 2.3L9 32.6c0.4 0.7 1.2 1.2 2 1.2h9.3l8.9-15.4L13.2 27.6z\"/\u003e\n\u003cpath class=\"st8\" d=\"M30.9 9.2H13.2l15.9 9.2 -8.9 15.4H26c0.8 0 1.6-0.4 2-1.2l7.5-13.1c0.4-0.7 0.4-1.6 0-2.3L30.9 9.2z\"/\u003e\n\u003clinearGradient id=\"SVGID_6_\" gradientUnits=\"userSpaceOnUse\" x1=\"24.5277\" y1=\"9.4044\" x2=\"24.5277\" y2=\"18.2022\"\u003e\n\u003cstop offset=\"0\" style=\"stop-color:#A52822;stop-opacity:0.2\"/\u003e\n\u003cstop offset=\"0.66\" style=\"stop-color:#A52822;stop-opacity:0\"/\u003e\n\u003c/linearGradient\u003e\n\u003cpath class=\"st9\" d=\"M30.9 9.2H13.2l15.9 9.2 -8.9 15.4H26c0.8 0 1.6-0.4 2-1.2l7.5-13.1c0.4-0.7 0.4-1.6 0-2.3L30.9 9.2z\"/\u003e\n\u003clinearGradient id=\"SVGID_7_\" gradientUnits=\"userSpaceOnUse\" x1=\"18.7011\" y1=\"18.0951\" x2=\"30.0119\" y2=\"29.4059\"\u003e\n\u003cstop offset=\"0\" style=\"stop-color:#3E2723;stop-opacity:0.15\"/\u003e\n\u003cstop offset=\"1\" style=\"stop-color:#3E2723;stop-opacity:0\"/\u003e\n\u003c/linearGradient\u003e\n\u003cpolygon class=\"st10\" points=\"23.8 9.2 35.8 21.2 35.8 33.8 20.3 33.8 23.8 27.6 \"/\u003e\n\u003crect x=\"23.7\" y=\"9.2\" class=\"st11\" width=\"7.5\" height=\"0.2\"/\u003e\n\u003c/g\u003e\n\u003cg class=\"st1\"\u003e\n\u003cdefs\u003e\n\u003cpath id=\"SVGID_8_\" d=\"M30.9 9.2H13.2l15.9 9.2 -8.9 15.4H26c0.8 0 1.6-0.4 2-1.2l7.5-13.1c0.4-0.7 0.4-1.6 0-2.3L30.9 9.2z\"/\u003e\n\u003c/defs\u003e\n\u003cclipPath id=\"SVGID_9_\"\u003e\n\u003cuse xlink:href=\"#SVGID_8_\"/\u003e\n\u003c/clipPath\u003e\n\u003cg class=\"st12\"\u003e\n\u003cpath class=\"st13\" d=\"M23.8 9.2l5.3 9.2 -5.3 9.2H13.2l-5.3-9.2 5.3-9.2H23.8\"/\u003e\n\u003c/g\u003e\n\u003cg class=\"st12\"\u003e\n\u003cpath class=\"st2\" d=\"M13.2 9.2h17.7l-2.9-5C27.6 3.5 26.9 3 26 3H11c-0.8 0-1.6 0.4-2 1.2l-4.6 8.1 8.8 15.3V9.2z\"/\u003e\n\u003c/g\u003e\n\u003c/g\u003e\n\u003cg class=\"st1\"\u003e\n\u003cdefs\u003e\n\u003cpath id=\"SVGID_10_\" d=\"M13.2 27.6L4.4 12.3l-2.9 5c-0.4 0.7-0.4 1.6 0 2.3L9 32.6c0.4 0.7 1.2 1.2 2 1.2h9.3l8.9-15.4L13.2 27.6z\"/\u003e\n\u003c/defs\u003e\n\u003cclipPath id=\"SVGID_11_\"\u003e\n\u003cuse xlink:href=\"#SVGID_10_\"/\u003e\n\u003c/clipPath\u003e\n\u003cg class=\"st14\"\u003e\n\u003cpath class=\"st13\" d=\"M23.8 9.2l5.3 9.2 -5.3 9.2H13.2l-5.3-9.2 5.3-9.2H23.8\"/\u003e\n\u003c/g\u003e\n\u003c/g\u003e\n\u003cg class=\"st1\"\u003e\n\u003cpath class=\"st13\" d=\"M23.8 9.2l5.3 9.2 -5.3 9.2H13.2l-5.3-9.2 5.3-9.2H23.8\"/\u003e\n\u003cpolygon class=\"st15\" points=\"23.8 9.4 29 18.4 29.2 18.4 23.8 9.2 13.2 9.2 7.9 18.4 8 18.4 13.2 9.4 \"/\u003e\n\u003cpolygon class=\"st16\" points=\"29 18.4 23.8 27.4 13.2 27.4 8 18.4 7.9 18.4 13.2 27.6 23.8 27.6 29.2 18.4 \"/\u003e\n\u003cpolygon class=\"st17\" points=\"29.2 18.4 23.8 27.6 13.2 27.6 7.9 18.4 7.9 18.6 13.2 27.8 23.8 27.8 29.2 18.6 \"/\u003e\n\u003cpath class=\"st18\" d=\"M18.4 13.6c-2.5 0-4.6 2.1-4.6 4.6h9.2C23.1 15.7 21 13.6 18.4 13.6zM13.8 18.6c0 2.5 2.1 4.6 4.6 4.6s4.6-2.1 4.6-4.6H13.8z\"/\u003e\n\u003c/g\u003e\n\u003clinearGradient id=\"SVGID_12_\" gradientUnits=\"userSpaceOnUse\" x1=\"18.5329\" y1=\"27.6183\" x2=\"18.5329\" y2=\"33.7384\"\u003e\n\u003cstop offset=\"0\" style=\"stop-color:#3E2723;stop-opacity:0.15\"/\u003e\n\u003cstop offset=\"3.546852e-02\" style=\"stop-color:#462823;stop-opacity:0.1447\"/\u003e\n\u003cstop offset=\"0.2522\" style=\"stop-color:#712E24;stop-opacity:0.1122\"/\u003e\n\u003cstop offset=\"0.4625\" style=\"stop-color:#923325;stop-opacity:8.062769e-02\"/\u003e\n\u003cstop offset=\"0.6619\" style=\"stop-color:#AA3726;stop-opacity:5.071827e-02\"/\u003e\n\u003cstop offset=\"0.8459\" style=\"stop-color:#B93926;stop-opacity:2.311477e-02\"/\u003e\n\u003cstop offset=\"1\" style=\"stop-color:#BE3A26;stop-opacity:0\"/\u003e\n\u003c/linearGradient\u003e\n\u003cpolygon class=\"st19\" points=\"13.2 27.6 19.4 33.8 20.3 33.8 23.8 27.6 \"/\u003e\n\u003cg class=\"st1\"\u003e\n\u003cpath class=\"st20\" d=\"M4.4 12.5L9 4.4c0.4-0.7 1.2-1.2 2-1.2h15c0.8 0 1.6 0.4 2 1.2l2.9 5 4.6 8.1c0.2 0.3 0.3 0.7 0.3 1.1 0-0.4-0.1-0.9-0.3-1.2l-4.6-8.1 -2.9-5C27.6 3.5 26.9 3 26 3H11c-0.8 0-1.6 0.4-2 1.2l-4.6 8.1 -2.9 5c-0.2 0.4-0.3 0.8-0.3 1.2 0-0.4 0.1-0.7 0.3-1.1L4.4 12.5zM11 33.6c-0.8 0-1.6-0.4-2-1.2l-4.6-8.1 -2.9-5c-0.2-0.3-0.3-0.7-0.3-1.1 0 0.4 0.1 0.9 0.3 1.2l2.9 5L9 32.6c0.4 0.7 1.2 1.2 2 1.2h9.3l0.1-0.2H11zM35.8 18.3c0 0.4-0.1 0.7-0.3 1.1l-4.6 8.1 -2.9 5c-0.4 0.7-1.2 1.2-2 1.2h-5.6l-0.1 0.2H26c0.8 0 1.6-0.4 2-1.2l2.9-5 4.6-8.1C35.7 19.2 35.8 18.7 35.8 18.3z\"/\u003e\n\u003c/g\u003e\n\u003cradialGradient id=\"SVGID_13_\" cx=\"9.8634\" cy=\"3.5289\" r=\"34.5676\" gradientTransform=\"matrix(6.457271e-03 0 0 6.457271e-03 2212.6196 -4568.3096)\" gradientUnits=\"userSpaceOnUse\"\u003e\n\u003cstop offset=\"0\" style=\"stop-color:#FFFFFF;stop-opacity:0.1\"/\u003e\n\u003cstop offset=\"1\" style=\"stop-color:#FFFFFF;stop-opacity:0\"/\u003e\n\u003c/radialGradient\u003e\n\u003cpath class=\"st23\" d=\"M35.5 17.2l-4.6-8.1 -2.9-5C27.6 3.5 26.9 3 26 3H11c-0.8 0-1.6 0.4-2 1.2l-4.6 8.1 -2.9 5c-0.4 0.7-0.4 1.6 0 2.3L9 32.6c0.4 0.7 1.2 1.2 2 1.2h15c0.8 0 1.6-0.4 2-1.2l7.5-13.1C35.9 18.8 35.9 18 35.5 17.2zM18.4 23c-2.5 0-4.6-2.1-4.6-4.6s2.1-4.6 4.6-4.6 4.6 2.1 4.6 4.6S21 23 18.4 23z\"/\u003e\n\u003crect x=\"1.2\" y=\"-0.1\" class=\"st0\" width=\"34.6\" height=\"36.9\"/\u003e\n\u003cg class=\"st24\"\u003e\n\u003cdefs\u003e\n\u003crect id=\"SVGID_14_\" x=\"45.1\" y=\"-0.1\" class=\"st24\" width=\"239.5\" height=\"36.9\"/\u003e\n\u003c/defs\u003e\n\u003cclipPath id=\"SVGID_15_\"\u003e\n\u003cuse xlink:href=\"#SVGID_14_\"/\u003e\n\u003c/clipPath\u003e\n\u003crect x=\"45.1\" y=\"7.8\" class=\"st25\" width=\"239.5\" height=\"26.1\"/\u003e\n\u003cg class=\"st26\"\u003e\n\u003cpath d=\"M130.5 18.8c0-5.2 4-9.2 9.2-9.2 2.7 0 4.9 1.1 6.5 2.9l-1.6 1.5c-1.2-1.5-2.9-2.2-4.9-2.2 -3.7 0-6.8 2.7-6.8 7s3.1 7 6.8 7c2.2 0 4.1-1 5.4-2.6l1.6 1.6c-1.5 1.8-4 3.1-7 3.1C134.5 28 130.5 24.1 130.5 18.8zM148.4 27.6V10h2.3v17.6H148.4zM164.8 21.6c0 3.7-2.6 6.4-6.2 6.4 -3.6 0-6.2-2.8-6.2-6.4 0-3.7 2.6-6.4 6.2-6.4C162.2 15.2 164.8 17.9 164.8 21.6zM162.5 21.6c0-2.8-1.9-4.4-3.9-4.4 -2 0-3.9 1.6-3.9 4.4 0 2.8 1.9 4.4 3.9 4.4C160.6 25.9 162.5 24.3 162.5 21.6zM175 27.6v-1.7h-0.1c-0.7 1.1-2.2 2.1-3.8 2.1 -3.1 0-4.6-2.1-4.6-5.1v-7.4h2.3v7c0 2.5 1.3 3.4 3 3.4 2 0 3.2-1.9 3.2-3.7v-6.6h2.3v12.1H175zM179 21.6c0-3.7 2.7-6.4 5.7-6.4 1.9 0 3.4 1 4.1 2.1h0.1l-0.1-1.7V10h2.3v17.6H189v-1.7h-0.1c-0.7 1.1-2.2 2.1-4.1 2.1C181.7 28 179 25.3 179 21.6zM189 21.6c0-2.8-1.8-4.4-3.8-4.4 -2 0-3.8 1.6-3.8 4.4 0 2.7 1.8 4.4 3.8 4.4C187.1 25.9 189 24.3 189 21.6zM197.3 27.6V10h6c2.9 0 5.5 2.2 5.5 5.2s-2.6 5.2-5.5 5.2h-3.7v7.1H197.3zM203.4 18.3c2 0 3.1-1.7 3.1-3.1 0-1.4-1.1-3.1-3.1-3.1h-3.8v6.2H203.4zM210.4 27.6V10h2.3v17.6H210.4zM214.6 24c0-2.7 2.5-4.2 5.3-4.2 1.6 0 2.8 0.5 3.3 0.7v-0.3c0-1.8-1.5-2.9-3.1-2.9 -1.3 0-2.5 0.6-2.9 1.7l-2.1-0.9c0.4-1.1 1.9-2.9 4.9-2.9 3 0 5.4 1.8 5.4 5.2v7.3h-2.2v-1.7h-0.1c-0.7 1-1.9 2.1-4 2.1C216.7 28 214.6 26.5 214.6 24zM223.2 22.4c0 0-1-0.8-2.9-0.8 -2.4 0-3.3 1.3-3.3 2.4 0 1.3 1.3 1.9 2.5 1.9C221.3 25.9 223.2 24.4 223.2 22.4zM228.6 24v-6.3h-2.1v-2.1h2.1v-3.7h2.3v3.7h3v2.1h-3v6.2c0 1.4 0.6 2 1.6 2 0.4 0 0.7 0 1-0.2l0.8 1.9c-0.5 0.2-1.1 0.3-1.8 0.3C230 27.8 228.6 26.4 228.6 24zM243.3 10.2l-0.8 1.9c-0.3-0.1-0.6-0.2-1-0.2 -1.1 0-2 0.7-2 2.1v1.5h3.1v2.1h-3.1v10h-2.3v-10H235v-2.1h2.3V14c0-2.5 1.7-4.1 4.3-4.1C242.3 9.9 242.8 10 243.3 10.2zM255.7 21.6c0 3.7-2.6 6.4-6.2 6.4 -3.6 0-6.2-2.8-6.2-6.4 0-3.7 2.6-6.4 6.2-6.4C253.1 15.2 255.7 17.9 255.7 21.6zM253.4 21.6c0-2.8-1.9-4.4-3.9-4.4 -2 0-3.9 1.6-3.9 4.4 0 2.8 1.9 4.4 3.9 4.4C251.5 25.9 253.4 24.3 253.4 21.6zM257.5 27.6V15.6h2.2v2h0.1c0.5-1.4 2.2-2.3 3.5-2.3 0.7 0 1.2 0.1 1.7 0.3l-0.9 2.1c-0.3-0.1-0.7-0.2-1.2-0.2 -1.6 0-3.1 1.3-3.1 3.5v6.6H257.5zM266.2 15.6h2.2v1.7h0.1c0.7-1.2 2.3-2.1 3.7-2.1 1.9 0 3.2 0.9 3.8 2.3 0.9-1.4 2.3-2.3 4.2-2.3 3 0 4.3 2.1 4.3 5.1v7.4h-2.3v-7c0-2.5-1-3.3-2.7-3.3 -1.8 0-3.1 1.9-3.1 3.7v6.7h-2.3v-7c0-2.5-1-3.3-2.7-3.3 -1.8 0-3.1 1.9-3.1 3.7v6.7h-2.3V15.6z\"/\u003e\n\u003c/g\u003e\n\u003cg class=\"st26\"\u003e\n\u003cuse xlink:href=\"#logo_x5F_dark\" width=\"416\" height=\"136\" y=\"-136\" transform=\"matrix(0.1922 0 0 -0.1922 45.0596 7.8192)\"/\u003e\n\u003c/g\u003e\n\u003c/g\u003e\n\u003c/svg\u003e",
                            "content_disposition": "",
                            "content_encoding": "",
                            "content_language": "",
                            "content_type": "image/svg+xml",
                            "crc32c": "P5Gfwg==",
                            "detect_md5hash": "SKpSolz11PbgZlI6hwAwHA==",
                            "id": "terraform-static-content-9d7b-assets/gcp-logo.svg",
                            "md5hash": "SKpSolz11PbgZlI6hwAwHA==",
                            "name": "assets/gcp-logo.svg",
                            "storage_class": "STANDARD"
                        },
                        "meta": {},
                        "tainted": false
                    },
                    "deposed": [],
                    "provider": "provider.google"
                },
                "google_storage_object_acl.image-acl": {
                    "type": "google_storage_object_acl",
                    "depends_on": [
                        "google_storage_bucket.assets",
                        "google_storage_bucket_object.image"
                    ],
                    "primary": {
                        "id": "assets/gcp-logo.svg-acl",
                        "attributes": {
                            "bucket": "terraform-static-content-9d7b",
                            "id": "assets/gcp-logo.svg-acl",
                            "object": "assets/gcp-logo.svg",
                            "predefined_acl": "publicread",
                            "role_entity.#": "0"
                        },
                        "meta": {},
                        "tainted": false
                    },
                    "deposed": [],
                    "provider": "provider.google"
                },
                "random_id.assets-bucket": {
                    "type": "random_id",
                    "depends_on": [],
                    "primary": {
                        "id": "nXs",
                        "attributes": {
                            "b64": "terraform-static-content-nXs",
                            "b64_std": "terraform-static-content-nXs=",
                            "b64_url": "terraform-static-content-nXs",
                            "byte_length": "2",
                            "dec": "terraform-static-content-40315",
                            "hex": "terraform-static-content-9d7b",
                            "id": "nXs",
                            "prefix": "terraform-static-content-"
                        },
                        "meta": {},
                        "tainted": false
                    },
                    "deposed": [],
                    "provider": "provider.random"
                }
            },
            "depends_on": []
        },
        {
            "path": [
                "root",
                "gce-lb-https"
            ],
            "outputs": {
                "backend_services": {
                    "sensitive": false,
                    "type": "list",
                    "value": [
                        "https://www.googleapis.com/compute/v1/projects/sandbox-303kdn50/global/backendServices/tf-lb-https-multi-cert-backend-0",
                        "https://www.googleapis.com/compute/v1/projects/sandbox-303kdn50/global/backendServices/tf-lb-https-multi-cert-backend-1",
                        "https://www.googleapis.com/compute/v1/projects/sandbox-303kdn50/global/backendServices/tf-lb-https-multi-cert-backend-2",
                        "https://www.googleapis.com/compute/v1/projects/sandbox-303kdn50/global/backendServices/tf-lb-https-multi-cert-backend-3"
                    ]
                },
                "external_ip": {
                    "sensitive": false,
                    "type": "string",
                    "value": "35.241.59.29"
                }
            },
            "resources": {
                "google_compute_backend_service.default.0": {
                    "type": "google_compute_backend_service",
                    "depends_on": [
                        "google_compute_http_health_check.default.*"
                    ],
                    "primary": {
                        "id": "tf-lb-https-multi-cert-backend-0",
                        "attributes": {
                            "backend.#": "3",
                            "backend.148527644.balancing_mode": "UTILIZATION",
                            "backend.148527644.capacity_scaler": "1",
                            "backend.148527644.description": "",
                            "backend.148527644.group": "https://www.googleapis.com/compute/beta/projects/sandbox-303kdn50/zones/europe-north1-b/instanceGroups/tf-lb-https-multi-cert-group3",
                            "backend.148527644.max_connections": "0",
                            "backend.148527644.max_connections_per_instance": "0",
                            "backend.148527644.max_rate": "0",
                            "backend.148527644.max_rate_per_instance": "0",
                            "backend.148527644.max_utilization": "0.8",
                            "backend.22868000.balancing_mode": "UTILIZATION",
                            "backend.22868000.capacity_scaler": "1",
                            "backend.22868000.description": "",
                            "backend.22868000.group": "https://www.googleapis.com/compute/beta/projects/sandbox-303kdn50/zones/europe-west2-b/instanceGroups/tf-lb-https-multi-cert-group2",
                            "backend.22868000.max_connections": "0",
                            "backend.22868000.max_connections_per_instance": "0",
                            "backend.22868000.max_rate": "0",
                            "backend.22868000.max_rate_per_instance": "0",
                            "backend.22868000.max_utilization": "0.8",
                            "backend.3978872752.balancing_mode": "UTILIZATION",
                            "backend.3978872752.capacity_scaler": "1",
                            "backend.3978872752.description": "",
                            "backend.3978872752.group": "https://www.googleapis.com/compute/beta/projects/sandbox-303kdn50/zones/europe-west1-b/instanceGroups/tf-lb-https-multi-cert-group1",
                            "backend.3978872752.max_connections": "0",
                            "backend.3978872752.max_connections_per_instance": "0",
                            "backend.3978872752.max_rate": "0",
                            "backend.3978872752.max_rate_per_instance": "0",
                            "backend.3978872752.max_utilization": "0.8",
                            "cdn_policy.#": "1",
                            "cdn_policy.0.cache_key_policy.#": "1",
                            "cdn_policy.0.cache_key_policy.0.include_host": "false",
                            "cdn_policy.0.cache_key_policy.0.include_protocol": "false",
                            "cdn_policy.0.cache_key_policy.0.include_query_string": "false",
                            "cdn_policy.0.cache_key_policy.0.query_string_blacklist.#": "0",
                            "cdn_policy.0.cache_key_policy.0.query_string_whitelist.#": "0",
                            "connection_draining_timeout_sec": "300",
                            "custom_request_headers.#": "0",
                            "description": "",
                            "enable_cdn": "false",
                            "fingerprint": "uB0bkktHg9A=",
                            "health_checks.#": "1",
                            "health_checks.2901424836": "https://www.googleapis.com/compute/beta/projects/sandbox-303kdn50/global/httpHealthChecks/tf-lb-https-multi-cert-backend-0",
                            "iap.#": "0",
                            "id": "tf-lb-https-multi-cert-backend-0",
                            "name": "tf-lb-https-multi-cert-backend-0",
                            "port_name": "http",
                            "project": "sandbox-303kdn50",
                            "protocol": "HTTP",
                            "security_policy": "",
                            "self_link": "https://www.googleapis.com/compute/v1/projects/sandbox-303kdn50/global/backendServices/tf-lb-https-multi-cert-backend-0",
                            "session_affinity": "NONE",
                            "timeout_sec": "10"
                        },
                        "meta": {
                            "schema_version": "1"
                        },
                        "tainted": false
                    },
                    "deposed": [],
                    "provider": "provider.google"
                },
                "google_compute_backend_service.default.1": {
                    "type": "google_compute_backend_service",
                    "depends_on": [
                        "google_compute_http_health_check.default.*"
                    ],
                    "primary": {
                        "id": "tf-lb-https-multi-cert-backend-1",
                        "attributes": {
                            "backend.#": "1",
                            "backend.3978872752.balancing_mode": "UTILIZATION",
                            "backend.3978872752.capacity_scaler": "1",
                            "backend.3978872752.description": "",
                            "backend.3978872752.group": "https://www.googleapis.com/compute/beta/projects/sandbox-303kdn50/zones/europe-west1-b/instanceGroups/tf-lb-https-multi-cert-group1",
                            "backend.3978872752.max_connections": "0",
                            "backend.3978872752.max_connections_per_instance": "0",
                            "backend.3978872752.max_rate": "0",
                            "backend.3978872752.max_rate_per_instance": "0",
                            "backend.3978872752.max_utilization": "0.8",
                            "cdn_policy.#": "1",
                            "cdn_policy.0.cache_key_policy.#": "1",
                            "cdn_policy.0.cache_key_policy.0.include_host": "false",
                            "cdn_policy.0.cache_key_policy.0.include_protocol": "false",
                            "cdn_policy.0.cache_key_policy.0.include_query_string": "false",
                            "cdn_policy.0.cache_key_policy.0.query_string_blacklist.#": "0",
                            "cdn_policy.0.cache_key_policy.0.query_string_whitelist.#": "0",
                            "connection_draining_timeout_sec": "300",
                            "custom_request_headers.#": "0",
                            "description": "",
                            "enable_cdn": "false",
                            "fingerprint": "gwoSQv8LYEk=",
                            "health_checks.#": "1",
                            "health_checks.3690400338": "https://www.googleapis.com/compute/beta/projects/sandbox-303kdn50/global/httpHealthChecks/tf-lb-https-multi-cert-backend-1",
                            "iap.#": "0",
                            "id": "tf-lb-https-multi-cert-backend-1",
                            "name": "tf-lb-https-multi-cert-backend-1",
                            "port_name": "http",
                            "project": "sandbox-303kdn50",
                            "protocol": "HTTP",
                            "security_policy": "",
                            "self_link": "https://www.googleapis.com/compute/v1/projects/sandbox-303kdn50/global/backendServices/tf-lb-https-multi-cert-backend-1",
                            "session_affinity": "NONE",
                            "timeout_sec": "10"
                        },
                        "meta": {
                            "schema_version": "1"
                        },
                        "tainted": false
                    },
                    "deposed": [],
                    "provider": "provider.google"
                },
                "google_compute_backend_service.default.2": {
                    "type": "google_compute_backend_service",
                    "depends_on": [
                        "google_compute_http_health_check.default.*"
                    ],
                    "primary": {
                        "id": "tf-lb-https-multi-cert-backend-2",
                        "attributes": {
                            "backend.#": "1",
                            "backend.22868000.balancing_mode": "UTILIZATION",
                            "backend.22868000.capacity_scaler": "1",
                            "backend.22868000.description": "",
                            "backend.22868000.group": "https://www.googleapis.com/compute/beta/projects/sandbox-303kdn50/zones/europe-west2-b/instanceGroups/tf-lb-https-multi-cert-group2",
                            "backend.22868000.max_connections": "0",
                            "backend.22868000.max_connections_per_instance": "0",
                            "backend.22868000.max_rate": "0",
                            "backend.22868000.max_rate_per_instance": "0",
                            "backend.22868000.max_utilization": "0.8",
                            "cdn_policy.#": "1",
                            "cdn_policy.0.cache_key_policy.#": "1",
                            "cdn_policy.0.cache_key_policy.0.include_host": "false",
                            "cdn_policy.0.cache_key_policy.0.include_protocol": "false",
                            "cdn_policy.0.cache_key_policy.0.include_query_string": "false",
                            "cdn_policy.0.cache_key_policy.0.query_string_blacklist.#": "0",
                            "cdn_policy.0.cache_key_policy.0.query_string_whitelist.#": "0",
                            "connection_draining_timeout_sec": "300",
                            "custom_request_headers.#": "0",
                            "description": "",
                            "enable_cdn": "false",
                            "fingerprint": "7Q3HFRwdejA=",
                            "health_checks.#": "1",
                            "health_checks.1123965928": "https://www.googleapis.com/compute/beta/projects/sandbox-303kdn50/global/httpHealthChecks/tf-lb-https-multi-cert-backend-2",
                            "iap.#": "0",
                            "id": "tf-lb-https-multi-cert-backend-2",
                            "name": "tf-lb-https-multi-cert-backend-2",
                            "port_name": "http",
                            "project": "sandbox-303kdn50",
                            "protocol": "HTTP",
                            "security_policy": "",
                            "self_link": "https://www.googleapis.com/compute/v1/projects/sandbox-303kdn50/global/backendServices/tf-lb-https-multi-cert-backend-2",
                            "session_affinity": "NONE",
                            "timeout_sec": "10"
                        },
                        "meta": {
                            "schema_version": "1"
                        },
                        "tainted": false
                    },
                    "deposed": [],
                    "provider": "provider.google"
                },
                "google_compute_backend_service.default.3": {
                    "type": "google_compute_backend_service",
                    "depends_on": [
                        "google_compute_http_health_check.default.*"
                    ],
                    "primary": {
                        "id": "tf-lb-https-multi-cert-backend-3",
                        "attributes": {
                            "backend.#": "1",
                            "backend.148527644.balancing_mode": "UTILIZATION",
                            "backend.148527644.capacity_scaler": "1",
                            "backend.148527644.description": "",
                            "backend.148527644.group": "https://www.googleapis.com/compute/beta/projects/sandbox-303kdn50/zones/europe-north1-b/instanceGroups/tf-lb-https-multi-cert-group3",
                            "backend.148527644.max_connections": "0",
                            "backend.148527644.max_connections_per_instance": "0",
                            "backend.148527644.max_rate": "0",
                            "backend.148527644.max_rate_per_instance": "0",
                            "backend.148527644.max_utilization": "0.8",
                            "cdn_policy.#": "1",
                            "cdn_policy.0.cache_key_policy.#": "1",
                            "cdn_policy.0.cache_key_policy.0.include_host": "false",
                            "cdn_policy.0.cache_key_policy.0.include_protocol": "false",
                            "cdn_policy.0.cache_key_policy.0.include_query_string": "false",
                            "cdn_policy.0.cache_key_policy.0.query_string_blacklist.#": "0",
                            "cdn_policy.0.cache_key_policy.0.query_string_whitelist.#": "0",
                            "connection_draining_timeout_sec": "300",
                            "custom_request_headers.#": "0",
                            "description": "",
                            "enable_cdn": "false",
                            "fingerprint": "SO0iWZ_l8MI=",
                            "health_checks.#": "1",
                            "health_checks.905538430": "https://www.googleapis.com/compute/beta/projects/sandbox-303kdn50/global/httpHealthChecks/tf-lb-https-multi-cert-backend-3",
                            "iap.#": "0",
                            "id": "tf-lb-https-multi-cert-backend-3",
                            "name": "tf-lb-https-multi-cert-backend-3",
                            "port_name": "http",
                            "project": "sandbox-303kdn50",
                            "protocol": "HTTP",
                            "security_policy": "",
                            "self_link": "https://www.googleapis.com/compute/v1/projects/sandbox-303kdn50/global/backendServices/tf-lb-https-multi-cert-backend-3",
                            "session_affinity": "NONE",
                            "timeout_sec": "10"
                        },
                        "meta": {
                            "schema_version": "1"
                        },
                        "tainted": false
                    },
                    "deposed": [],
                    "provider": "provider.google"
                },
                "google_compute_firewall.default-hc.0": {
                    "type": "google_compute_firewall",
                    "depends_on": [],
                    "primary": {
                        "id": "tf-lb-https-multi-cert-hc-0",
                        "attributes": {
                            "allow.#": "1",
                            "allow.272637744.ports.#": "1",
                            "allow.272637744.ports.0": "80",
                            "allow.272637744.protocol": "tcp",
                            "creation_timestamp": "2019-02-05T07:26:36.172-08:00",
                            "deny.#": "0",
                            "description": "",
                            "destination_ranges.#": "0",
                            "direction": "INGRESS",
                            "disabled": "false",
                            "enable_logging": "false",
                            "id": "tf-lb-https-multi-cert-hc-0",
                            "name": "tf-lb-https-multi-cert-hc-0",
                            "network": "https://www.googleapis.com/compute/v1/projects/sandbox-303kdn50/global/networks/tf-lb-https-multi-cert",
                            "priority": "1000",
                            "project": "sandbox-303kdn50",
                            "self_link": "https://www.googleapis.com/compute/v1/projects/sandbox-303kdn50/global/firewalls/tf-lb-https-multi-cert-hc-0",
                            "source_ranges.#": "4",
                            "source_ranges.1468324647": "209.85.204.0/22",
                            "source_ranges.1567232126": "209.85.152.0/22",
                            "source_ranges.2192388802": "130.211.0.0/22",
                            "source_ranges.2394378644": "35.191.0.0/16",
                            "source_service_accounts.#": "0",
                            "source_tags.#": "0",
                            "target_service_accounts.#": "0",
                            "target_tags.#": "3",
                            "target_tags.1324356852": "tf-lb-https-multi-cert-group1",
                            "target_tags.2701030872": "tf-lb-https-multi-cert-group3",
                            "target_tags.3623437646": "tf-lb-https-multi-cert-group2"
                        },
                        "meta": {
                            "e2bfb730-ecaa-11e6-8f88-34363bc7c4c0": {
                                "create": 240000000000,
                                "delete": 240000000000,
                                "update": 240000000000
                            },
                            "schema_version": "1"
                        },
                        "tainted": false
                    },
                    "deposed": [],
                    "provider": "provider.google"
                },
                "google_compute_firewall.default-hc.1": {
                    "type": "google_compute_firewall",
                    "depends_on": [],
                    "primary": {
                        "id": "tf-lb-https-multi-cert-hc-1",
                        "attributes": {
                            "allow.#": "1",
                            "allow.272637744.ports.#": "1",
                            "allow.272637744.ports.0": "80",
                            "allow.272637744.protocol": "tcp",
                            "creation_timestamp": "2019-02-05T07:26:36.162-08:00",
                            "deny.#": "0",
                            "description": "",
                            "destination_ranges.#": "0",
                            "direction": "INGRESS",
                            "disabled": "false",
                            "enable_logging": "false",
                            "id": "tf-lb-https-multi-cert-hc-1",
                            "name": "tf-lb-https-multi-cert-hc-1",
                            "network": "https://www.googleapis.com/compute/v1/projects/sandbox-303kdn50/global/networks/tf-lb-https-multi-cert",
                            "priority": "1000",
                            "project": "sandbox-303kdn50",
                            "self_link": "https://www.googleapis.com/compute/v1/projects/sandbox-303kdn50/global/firewalls/tf-lb-https-multi-cert-hc-1",
                            "source_ranges.#": "4",
                            "source_ranges.1468324647": "209.85.204.0/22",
                            "source_ranges.1567232126": "209.85.152.0/22",
                            "source_ranges.2192388802": "130.211.0.0/22",
                            "source_ranges.2394378644": "35.191.0.0/16",
                            "source_service_accounts.#": "0",
                            "source_tags.#": "0",
                            "target_service_accounts.#": "0",
                            "target_tags.#": "3",
                            "target_tags.1324356852": "tf-lb-https-multi-cert-group1",
                            "target_tags.2701030872": "tf-lb-https-multi-cert-group3",
                            "target_tags.3623437646": "tf-lb-https-multi-cert-group2"
                        },
                        "meta": {
                            "e2bfb730-ecaa-11e6-8f88-34363bc7c4c0": {
                                "create": 240000000000,
                                "delete": 240000000000,
                                "update": 240000000000
                            },
                            "schema_version": "1"
                        },
                        "tainted": false
                    },
                    "deposed": [],
                    "provider": "provider.google"
                },
                "google_compute_firewall.default-hc.2": {
                    "type": "google_compute_firewall",
                    "depends_on": [],
                    "primary": {
                        "id": "tf-lb-https-multi-cert-hc-2",
                        "attributes": {
                            "allow.#": "1",
                            "allow.272637744.ports.#": "1",
                            "allow.272637744.ports.0": "80",
                            "allow.272637744.protocol": "tcp",
                            "creation_timestamp": "2019-02-05T07:26:36.196-08:00",
                            "deny.#": "0",
                            "description": "",
                            "destination_ranges.#": "0",
                            "direction": "INGRESS",
                            "disabled": "false",
                            "enable_logging": "false",
                            "id": "tf-lb-https-multi-cert-hc-2",
                            "name": "tf-lb-https-multi-cert-hc-2",
                            "network": "https://www.googleapis.com/compute/v1/projects/sandbox-303kdn50/global/networks/tf-lb-https-multi-cert",
                            "priority": "1000",
                            "project": "sandbox-303kdn50",
                            "self_link": "https://www.googleapis.com/compute/v1/projects/sandbox-303kdn50/global/firewalls/tf-lb-https-multi-cert-hc-2",
                            "source_ranges.#": "4",
                            "source_ranges.1468324647": "209.85.204.0/22",
                            "source_ranges.1567232126": "209.85.152.0/22",
                            "source_ranges.2192388802": "130.211.0.0/22",
                            "source_ranges.2394378644": "35.191.0.0/16",
                            "source_service_accounts.#": "0",
                            "source_tags.#": "0",
                            "target_service_accounts.#": "0",
                            "target_tags.#": "3",
                            "target_tags.1324356852": "tf-lb-https-multi-cert-group1",
                            "target_tags.2701030872": "tf-lb-https-multi-cert-group3",
                            "target_tags.3623437646": "tf-lb-https-multi-cert-group2"
                        },
                        "meta": {
                            "e2bfb730-ecaa-11e6-8f88-34363bc7c4c0": {
                                "create": 240000000000,
                                "delete": 240000000000,
                                "update": 240000000000
                            },
                            "schema_version": "1"
                        },
                        "tainted": false
                    },
                    "deposed": [],
                    "provider": "provider.google"
                },
                "google_compute_firewall.default-hc.3": {
                    "type": "google_compute_firewall",
                    "depends_on": [],
                    "primary": {
                        "id": "tf-lb-https-multi-cert-hc-3",
                        "attributes": {
                            "allow.#": "1",
                            "allow.272637744.ports.#": "1",
                            "allow.272637744.ports.0": "80",
                            "allow.272637744.protocol": "tcp",
                            "creation_timestamp": "2019-02-05T07:26:36.193-08:00",
                            "deny.#": "0",
                            "description": "",
                            "destination_ranges.#": "0",
                            "direction": "INGRESS",
                            "disabled": "false",
                            "enable_logging": "false",
                            "id": "tf-lb-https-multi-cert-hc-3",
                            "name": "tf-lb-https-multi-cert-hc-3",
                            "network": "https://www.googleapis.com/compute/v1/projects/sandbox-303kdn50/global/networks/tf-lb-https-multi-cert",
                            "priority": "1000",
                            "project": "sandbox-303kdn50",
                            "self_link": "https://www.googleapis.com/compute/v1/projects/sandbox-303kdn50/global/firewalls/tf-lb-https-multi-cert-hc-3",
                            "source_ranges.#": "4",
                            "source_ranges.1468324647": "209.85.204.0/22",
                            "source_ranges.1567232126": "209.85.152.0/22",
                            "source_ranges.2192388802": "130.211.0.0/22",
                            "source_ranges.2394378644": "35.191.0.0/16",
                            "source_service_accounts.#": "0",
                            "source_tags.#": "0",
                            "target_service_accounts.#": "0",
                            "target_tags.#": "3",
                            "target_tags.1324356852": "tf-lb-https-multi-cert-group1",
                            "target_tags.2701030872": "tf-lb-https-multi-cert-group3",
                            "target_tags.3623437646": "tf-lb-https-multi-cert-group2"
                        },
                        "meta": {
                            "e2bfb730-ecaa-11e6-8f88-34363bc7c4c0": {
                                "create": 240000000000,
                                "delete": 240000000000,
                                "update": 240000000000
                            },
                            "schema_version": "1"
                        },
                        "tainted": false
                    },
                    "deposed": [],
                    "provider": "provider.google"
                },
                "google_compute_global_address.default": {
                    "type": "google_compute_global_address",
                    "depends_on": [],
                    "primary": {
                        "id": "tf-lb-https-multi-cert-address",
                        "attributes": {
                            "address": "35.241.59.29",
                            "address_type": "",
                            "creation_timestamp": "2019-02-05T07:26:22.180-08:00",
                            "description": "",
                            "id": "tf-lb-https-multi-cert-address",
                            "ip_version": "",
                            "label_fingerprint": "42WmSpB8rSM=",
                            "labels.%": "0",
                            "name": "tf-lb-https-multi-cert-address",
                            "network": "",
                            "prefix_length": "0",
                            "project": "sandbox-303kdn50",
                            "purpose": "",
                            "self_link": "https://www.googleapis.com/compute/v1/projects/sandbox-303kdn50/global/addresses/tf-lb-https-multi-cert-address"
                        },
                        "meta": {
                            "e2bfb730-ecaa-11e6-8f88-34363bc7c4c0": {
                                "create": 240000000000,
                                "delete": 240000000000,
                                "update": 240000000000
                            }
                        },
                        "tainted": false
                    },
                    "deposed": [],
                    "provider": "provider.google"
                },
                "google_compute_global_forwarding_rule.http": {
                    "type": "google_compute_global_forwarding_rule",
                    "depends_on": [
                        "google_compute_global_address.default",
                        "google_compute_target_http_proxy.default"
                    ],
                    "primary": {
                        "id": "tf-lb-https-multi-cert",
                        "attributes": {
                            "description": "",
                            "id": "tf-lb-https-multi-cert",
                            "ip_address": "35.241.59.29",
                            "ip_protocol": "TCP",
                            "ip_version": "",
                            "label_fingerprint": "42WmSpB8rSM=",
                            "labels.%": "0",
                            "name": "tf-lb-https-multi-cert",
                            "port_range": "80-80",
                            "project": "sandbox-303kdn50",
                            "self_link": "https://www.googleapis.com/compute/v1/projects/sandbox-303kdn50/global/forwardingRules/tf-lb-https-multi-cert",
                            "target": "https://www.googleapis.com/compute/beta/projects/sandbox-303kdn50/global/targetHttpProxies/tf-lb-https-multi-cert-http-proxy"
                        },
                        "meta": {},
                        "tainted": false
                    },
                    "deposed": [],
                    "provider": "provider.google"
                },
                "google_compute_global_forwarding_rule.https": {
                    "type": "google_compute_global_forwarding_rule",
                    "depends_on": [
                        "google_compute_global_address.default",
                        "google_compute_target_https_proxy.default"
                    ],
                    "primary": {
                        "id": "tf-lb-https-multi-cert-https",
                        "attributes": {
                            "description": "",
                            "id": "tf-lb-https-multi-cert-https",
                            "ip_address": "35.241.59.29",
                            "ip_protocol": "TCP",
                            "ip_version": "",
                            "label_fingerprint": "42WmSpB8rSM=",
                            "labels.%": "0",
                            "name": "tf-lb-https-multi-cert-https",
                            "port_range": "443-443",
                            "project": "sandbox-303kdn50",
                            "self_link": "https://www.googleapis.com/compute/v1/projects/sandbox-303kdn50/global/forwardingRules/tf-lb-https-multi-cert-https",
                            "target": "https://www.googleapis.com/compute/beta/projects/sandbox-303kdn50/global/targetHttpsProxies/tf-lb-https-multi-cert-https-proxy"
                        },
                        "meta": {},
                        "tainted": false
                    },
                    "deposed": [],
                    "provider": "provider.google"
                },
                "google_compute_http_health_check.default.0": {
                    "type": "google_compute_http_health_check",
                    "depends_on": [],
                    "primary": {
                        "id": "tf-lb-https-multi-cert-backend-0",
                        "attributes": {
                            "check_interval_sec": "5",
                            "creation_timestamp": "2019-02-05T07:26:22.457-08:00",
                            "description": "",
                            "healthy_threshold": "2",
                            "host": "",
                            "id": "tf-lb-https-multi-cert-backend-0",
                            "name": "tf-lb-https-multi-cert-backend-0",
                            "port": "80",
                            "project": "sandbox-303kdn50",
                            "request_path": "/",
                            "self_link": "https://www.googleapis.com/compute/v1/projects/sandbox-303kdn50/global/httpHealthChecks/tf-lb-https-multi-cert-backend-0",
                            "timeout_sec": "5",
                            "unhealthy_threshold": "2"
                        },
                        "meta": {
                            "e2bfb730-ecaa-11e6-8f88-34363bc7c4c0": {
                                "create": 240000000000,
                                "delete": 240000000000,
                                "update": 240000000000
                            }
                        },
                        "tainted": false
                    },
                    "deposed": [],
                    "provider": "provider.google"
                },
                "google_compute_http_health_check.default.1": {
                    "type": "google_compute_http_health_check",
                    "depends_on": [],
                    "primary": {
                        "id": "tf-lb-https-multi-cert-backend-1",
                        "attributes": {
                            "check_interval_sec": "5",
                            "creation_timestamp": "2019-02-05T07:26:22.152-08:00",
                            "description": "",
                            "healthy_threshold": "2",
                            "host": "",
                            "id": "tf-lb-https-multi-cert-backend-1",
                            "name": "tf-lb-https-multi-cert-backend-1",
                            "port": "80",
                            "project": "sandbox-303kdn50",
                            "request_path": "/",
                            "self_link": "https://www.googleapis.com/compute/v1/projects/sandbox-303kdn50/global/httpHealthChecks/tf-lb-https-multi-cert-backend-1",
                            "timeout_sec": "5",
                            "unhealthy_threshold": "2"
                        },
                        "meta": {
                            "e2bfb730-ecaa-11e6-8f88-34363bc7c4c0": {
                                "create": 240000000000,
                                "delete": 240000000000,
                                "update": 240000000000
                            }
                        },
                        "tainted": false
                    },
                    "deposed": [],
                    "provider": "provider.google"
                },
                "google_compute_http_health_check.default.2": {
                    "type": "google_compute_http_health_check",
                    "depends_on": [],
                    "primary": {
                        "id": "tf-lb-https-multi-cert-backend-2",
                        "attributes": {
                            "check_interval_sec": "5",
                            "creation_timestamp": "2019-02-05T07:26:22.178-08:00",
                            "description": "",
                            "healthy_threshold": "2",
                            "host": "",
                            "id": "tf-lb-https-multi-cert-backend-2",
                            "name": "tf-lb-https-multi-cert-backend-2",
                            "port": "80",
                            "project": "sandbox-303kdn50",
                            "request_path": "/",
                            "self_link": "https://www.googleapis.com/compute/v1/projects/sandbox-303kdn50/global/httpHealthChecks/tf-lb-https-multi-cert-backend-2",
                            "timeout_sec": "5",
                            "unhealthy_threshold": "2"
                        },
                        "meta": {
                            "e2bfb730-ecaa-11e6-8f88-34363bc7c4c0": {
                                "create": 240000000000,
                                "delete": 240000000000,
                                "update": 240000000000
                            }
                        },
                        "tainted": false
                    },
                    "deposed": [],
                    "provider": "provider.google"
                },
                "google_compute_http_health_check.default.3": {
                    "type": "google_compute_http_health_check",
                    "depends_on": [],
                    "primary": {
                        "id": "tf-lb-https-multi-cert-backend-3",
                        "attributes": {
                            "check_interval_sec": "5",
                            "creation_timestamp": "2019-02-05T07:26:22.168-08:00",
                            "description": "",
                            "healthy_threshold": "2",
                            "host": "",
                            "id": "tf-lb-https-multi-cert-backend-3",
                            "name": "tf-lb-https-multi-cert-backend-3",
                            "port": "80",
                            "project": "sandbox-303kdn50",
                            "request_path": "/",
                            "self_link": "https://www.googleapis.com/compute/v1/projects/sandbox-303kdn50/global/httpHealthChecks/tf-lb-https-multi-cert-backend-3",
                            "timeout_sec": "5",
                            "unhealthy_threshold": "2"
                        },
                        "meta": {
                            "e2bfb730-ecaa-11e6-8f88-34363bc7c4c0": {
                                "create": 240000000000,
                                "delete": 240000000000,
                                "update": 240000000000
                            }
                        },
                        "tainted": false
                    },
                    "deposed": [],
                    "provider": "provider.google"
                },
                "google_compute_target_http_proxy.default": {
                    "type": "google_compute_target_http_proxy",
                    "depends_on": [
                        "google_compute_url_map.default.*"
                    ],
                    "primary": {
                        "id": "tf-lb-https-multi-cert-http-proxy",
                        "attributes": {
                            "creation_timestamp": "2019-02-05T07:27:44.064-08:00",
                            "description": "",
                            "id": "tf-lb-https-multi-cert-http-proxy",
                            "name": "tf-lb-https-multi-cert-http-proxy",
                            "project": "sandbox-303kdn50",
                            "proxy_id": "3257175681904416159",
                            "self_link": "https://www.googleapis.com/compute/v1/projects/sandbox-303kdn50/global/targetHttpProxies/tf-lb-https-multi-cert-http-proxy",
                            "url_map": "https://www.googleapis.com/compute/v1/projects/sandbox-303kdn50/global/urlMaps/tf-lb-https-multi-cert"
                        },
                        "meta": {
                            "e2bfb730-ecaa-11e6-8f88-34363bc7c4c0": {
                                "create": 240000000000,
                                "delete": 240000000000,
                                "update": 240000000000
                            }
                        },
                        "tainted": false
                    },
                    "deposed": [],
                    "provider": "provider.google"
                },
                "google_compute_target_https_proxy.default": {
                    "type": "google_compute_target_https_proxy",
                    "depends_on": [
                        "google_compute_ssl_certificate.default.*",
                        "google_compute_url_map.default.*"
                    ],
                    "primary": {
                        "id": "tf-lb-https-multi-cert-https-proxy",
                        "attributes": {
                            "creation_timestamp": "2019-02-05T07:27:45.864-08:00",
                            "description": "",
                            "id": "tf-lb-https-multi-cert-https-proxy",
                            "name": "tf-lb-https-multi-cert-https-proxy",
                            "project": "sandbox-303kdn50",
                            "proxy_id": "1361892440511092126",
                            "quic_override": "",
                            "self_link": "https://www.googleapis.com/compute/v1/projects/sandbox-303kdn50/global/targetHttpsProxies/tf-lb-https-multi-cert-https-proxy",
                            "ssl_certificates.#": "1",
                            "ssl_certificates.0": "https://www.googleapis.com/compute/v1/projects/sandbox-303kdn50/global/sslCertificates/zero-example-marcoseravalli-com",
                            "ssl_policy": "",
                            "url_map": "https://www.googleapis.com/compute/v1/projects/sandbox-303kdn50/global/urlMaps/tf-lb-https-multi-cert"
                        },
                        "meta": {
                            "e2bfb730-ecaa-11e6-8f88-34363bc7c4c0": {
                                "create": 240000000000,
                                "delete": 240000000000,
                                "update": 240000000000
                            }
                        },
                        "tainted": false
                    },
                    "deposed": [],
                    "provider": "provider.google"
                }
            },
            "depends_on": []
        },
        {
            "path": [
                "root",
                "mig1"
            ],
            "outputs": {
                "depends_id": {
                    "sensitive": false,
                    "type": "string",
                    "value": "3933263457139057322"
                },
                "health_check": {
                    "sensitive": false,
                    "type": "string",
                    "value": "https://www.googleapis.com/compute/v1/projects/sandbox-303kdn50/global/healthChecks/tf-lb-https-multi-cert-group1"
                },
                "instance_group": {
                    "sensitive": false,
                    "type": "string",
                    "value": "https://www.googleapis.com/compute/v1/projects/sandbox-303kdn50/zones/europe-west1-b/instanceGroups/tf-lb-https-multi-cert-group1"
                },
                "instance_template": {
                    "sensitive": false,
                    "type": "list",
                    "value": [
                        "https://www.googleapis.com/compute/beta/projects/sandbox-303kdn50/global/instanceTemplates/default-20190205152649286200000003"
                    ]
                },
                "instances": {
                    "sensitive": false,
                    "type": "list",
                    "value": [
                        [
                            "https://www.googleapis.com/compute/v1/projects/sandbox-303kdn50/zones/europe-west1-b/instances/tf-lb-https-multi-cert-group1-v55n",
                            "https://www.googleapis.com/compute/v1/projects/sandbox-303kdn50/zones/europe-west1-b/instances/tf-lb-https-multi-cert-group1-8lpl"
                        ]
                    ]
                },
                "name": {
                    "sensitive": false,
                    "type": "string",
                    "value": "tf-lb-https-multi-cert-group1"
                },
                "network_ip": {
                    "sensitive": false,
                    "type": "string",
                    "value": ""
                },
                "region_depends_id": {
                    "sensitive": false,
                    "type": "string",
                    "value": ""
                },
                "region_instance_group": {
                    "sensitive": false,
                    "type": "string",
                    "value": ""
                },
                "service_port": {
                    "sensitive": false,
                    "type": "string",
                    "value": "80"
                },
                "service_port_name": {
                    "sensitive": false,
                    "type": "string",
                    "value": "http"
                },
                "target_tags": {
                    "sensitive": false,
                    "type": "list",
                    "value": [
                        "tf-lb-https-multi-cert-group1"
                    ]
                }
            },
            "resources": {
                "data.google_compute_instance_group.zonal": {
                    "type": "google_compute_instance_group",
                    "depends_on": [
                        "google_compute_instance_group_manager.default.*",
                        "local.dependency_id"
                    ],
                    "primary": {
                        "id": "europe-west1-b/tf-lb-https-multi-cert-group1",
                        "attributes": {
                            "description": "This instance group is controlled by Instance Group Manager 'tf-lb-https-multi-cert-group1'. To modify instances in this group, use the Instance Group Manager API: https://cloud.google.com/compute/docs/reference/latest/instanceGroupManagers",
                            "id": "europe-west1-b/tf-lb-https-multi-cert-group1",
                            "instances.#": "2",
                            "instances.2012482452": "https://www.googleapis.com/compute/v1/projects/sandbox-303kdn50/zones/europe-west1-b/instances/tf-lb-https-multi-cert-group1-8lpl",
                            "instances.206760905": "https://www.googleapis.com/compute/v1/projects/sandbox-303kdn50/zones/europe-west1-b/instances/tf-lb-https-multi-cert-group1-v55n",
                            "name": "tf-lb-https-multi-cert-group1",
                            "named_port.#": "1",
                            "named_port.0.name": "http",
                            "named_port.0.port": "80",
                            "network": "https://www.googleapis.com/compute/v1/projects/sandbox-303kdn50/global/networks/tf-lb-https-multi-cert",
                            "project": "sandbox-303kdn50",
                            "self_link": "https://www.googleapis.com/compute/v1/projects/sandbox-303kdn50/zones/europe-west1-b/instanceGroups/tf-lb-https-multi-cert-group1",
                            "size": "2",
                            "zone": "europe-west1-b"
                        },
                        "meta": {},
                        "tainted": false
                    },
                    "deposed": [],
                    "provider": "provider.google"
                },
                "data.google_compute_zones.available": {
                    "type": "google_compute_zones",
                    "depends_on": [],
                    "primary": {
                        "id": "2019-02-05 16:57:36.11238 +0000 UTC",
                        "attributes": {
                            "id": "2019-02-05 16:57:36.11238 +0000 UTC",
                            "names.#": "3",
                            "names.0": "europe-west1-b",
                            "names.1": "europe-west1-c",
                            "names.2": "europe-west1-d",
                            "project": "sandbox-303kdn50",
                            "region": "europe-west1"
                        },
                        "meta": {},
                        "tainted": false
                    },
                    "deposed": [],
                    "provider": "provider.google"
                },
                "google_compute_firewall.default-ssh": {
                    "type": "google_compute_firewall",
                    "depends_on": [],
                    "primary": {
                        "id": "tf-lb-https-multi-cert-group1-vm-ssh",
                        "attributes": {
                            "allow.#": "1",
                            "allow.803338340.ports.#": "1",
                            "allow.803338340.ports.0": "22",
                            "allow.803338340.protocol": "tcp",
                            "creation_timestamp": "2019-02-05T07:26:49.971-08:00",
                            "deny.#": "0",
                            "description": "",
                            "destination_ranges.#": "0",
                            "direction": "INGRESS",
                            "disabled": "false",
                            "enable_logging": "false",
                            "id": "tf-lb-https-multi-cert-group1-vm-ssh",
                            "name": "tf-lb-https-multi-cert-group1-vm-ssh",
                            "network": "https://www.googleapis.com/compute/v1/projects/sandbox-303kdn50/global/networks/tf-lb-https-multi-cert",
                            "priority": "1000",
                            "project": "sandbox-303kdn50",
                            "self_link": "https://www.googleapis.com/compute/v1/projects/sandbox-303kdn50/global/firewalls/tf-lb-https-multi-cert-group1-vm-ssh",
                            "source_ranges.#": "1",
                            "source_ranges.1080289494": "0.0.0.0/0",
                            "source_service_accounts.#": "0",
                            "source_tags.#": "0",
                            "target_service_accounts.#": "0",
                            "target_tags.#": "1",
                            "target_tags.2542268873": "allow-ssh"
                        },
                        "meta": {
                            "e2bfb730-ecaa-11e6-8f88-34363bc7c4c0": {
                                "create": 240000000000,
                                "delete": 240000000000,
                                "update": 240000000000
                            },
                            "schema_version": "1"
                        },
                        "tainted": false
                    },
                    "deposed": [],
                    "provider": "provider.google"
                },
                "google_compute_firewall.mig-health-check": {
                    "type": "google_compute_firewall",
                    "depends_on": [],
                    "primary": {
                        "id": "tf-lb-https-multi-cert-group1-vm-hc",
                        "attributes": {
                            "allow.#": "1",
                            "allow.272637744.ports.#": "1",
                            "allow.272637744.ports.0": "80",
                            "allow.272637744.protocol": "tcp",
                            "creation_timestamp": "2019-02-05T07:26:49.897-08:00",
                            "deny.#": "0",
                            "description": "",
                            "destination_ranges.#": "0",
                            "direction": "INGRESS",
                            "disabled": "false",
                            "enable_logging": "false",
                            "id": "tf-lb-https-multi-cert-group1-vm-hc",
                            "name": "tf-lb-https-multi-cert-group1-vm-hc",
                            "network": "https://www.googleapis.com/compute/v1/projects/sandbox-303kdn50/global/networks/tf-lb-https-multi-cert",
                            "priority": "1000",
                            "project": "sandbox-303kdn50",
                            "self_link": "https://www.googleapis.com/compute/v1/projects/sandbox-303kdn50/global/firewalls/tf-lb-https-multi-cert-group1-vm-hc",
                            "source_ranges.#": "2",
                            "source_ranges.2192388802": "130.211.0.0/22",
                            "source_ranges.2394378644": "35.191.0.0/16",
                            "source_service_accounts.#": "0",
                            "source_tags.#": "0",
                            "target_service_accounts.#": "0",
                            "target_tags.#": "1",
                            "target_tags.1324356852": "tf-lb-https-multi-cert-group1"
                        },
                        "meta": {
                            "e2bfb730-ecaa-11e6-8f88-34363bc7c4c0": {
                                "create": 240000000000,
                                "delete": 240000000000,
                                "update": 240000000000
                            },
                            "schema_version": "1"
                        },
                        "tainted": false
                    },
                    "deposed": [],
                    "provider": "provider.google"
                },
                "google_compute_health_check.mig-health-check": {
                    "type": "google_compute_health_check",
                    "depends_on": [],
                    "primary": {
                        "id": "tf-lb-https-multi-cert-group1",
                        "attributes": {
                            "check_interval_sec": "30",
                            "creation_timestamp": "2019-02-05T07:26:22.175-08:00",
                            "description": "",
                            "healthy_threshold": "1",
                            "http_health_check.#": "1",
                            "http_health_check.0.host": "",
                            "http_health_check.0.port": "80",
                            "http_health_check.0.proxy_header": "NONE",
                            "http_health_check.0.request_path": "/",
                            "http_health_check.0.response": "",
                            "https_health_check.#": "0",
                            "id": "tf-lb-https-multi-cert-group1",
                            "name": "tf-lb-https-multi-cert-group1",
                            "project": "sandbox-303kdn50",
                            "self_link": "https://www.googleapis.com/compute/v1/projects/sandbox-303kdn50/global/healthChecks/tf-lb-https-multi-cert-group1",
                            "ssl_health_check.#": "0",
                            "tcp_health_check.#": "0",
                            "timeout_sec": "10",
                            "type": "HTTP",
                            "unhealthy_threshold": "10"
                        },
                        "meta": {
                            "e2bfb730-ecaa-11e6-8f88-34363bc7c4c0": {
                                "create": 240000000000,
                                "delete": 240000000000,
                                "update": 240000000000
                            }
                        },
                        "tainted": false
                    },
                    "deposed": [],
                    "provider": "provider.google"
                },
                "google_compute_instance_group_manager.default": {
                    "type": "google_compute_instance_group_manager",
                    "depends_on": [
                        "google_compute_health_check.mig-health-check.*",
                        "google_compute_instance_template.default"
                    ],
                    "primary": {
                        "id": "tf-lb-https-multi-cert-group1",
                        "attributes": {
                            "auto_healing_policies.#": "1",
                            "auto_healing_policies.0.health_check": "https://www.googleapis.com/compute/beta/projects/sandbox-303kdn50/global/healthChecks/tf-lb-https-multi-cert-group1",
                            "auto_healing_policies.0.initial_delay_sec": "30",
                            "base_instance_name": "tf-lb-https-multi-cert-group1",
                            "description": "compute VM Instance Group",
                            "fingerprint": "v3qUckd96Ys=",
                            "id": "tf-lb-https-multi-cert-group1",
                            "instance_group": "https://www.googleapis.com/compute/v1/projects/sandbox-303kdn50/zones/europe-west1-b/instanceGroups/tf-lb-https-multi-cert-group1",
                            "instance_template": "https://www.googleapis.com/compute/v1/projects/sandbox-303kdn50/global/instanceTemplates/default-20190205152649286200000003",
                            "name": "tf-lb-https-multi-cert-group1",
                            "named_port.#": "1",
                            "named_port.0.name": "http",
                            "named_port.0.port": "80",
                            "project": "sandbox-303kdn50",
                            "self_link": "https://www.googleapis.com/compute/v1/projects/sandbox-303kdn50/zones/europe-west1-b/instanceGroupManagers/tf-lb-https-multi-cert-group1",
                            "target_pools.#": "0",
                            "target_size": "2",
                            "update_strategy": "NONE",
                            "version.#": "1",
                            "version.0.instance_template": "https://www.googleapis.com/compute/v1/projects/sandbox-303kdn50/global/instanceTemplates/default-20190205152649286200000003",
                            "version.0.name": "",
                            "version.0.target_size.#": "0",
                            "wait_for_instances": "false",
                            "zone": "europe-west1-b"
                        },
                        "meta": {},
                        "tainted": false
                    },
                    "deposed": [],
                    "provider": "provider.google"
                },
                "google_compute_instance_template.default": {
                    "type": "google_compute_instance_template",
                    "depends_on": [],
                    "primary": {
                        "id": "default-20190205152649286200000003",
                        "attributes": {
                            "can_ip_forward": "false",
                            "description": "",
                            "disk.#": "1",
                            "disk.0.auto_delete": "true",
                            "disk.0.boot": "true",
                            "disk.0.device_name": "persistent-disk-0",
                            "disk.0.disk_encryption_key.#": "0",
                            "disk.0.disk_name": "",
                            "disk.0.disk_size_gb": "0",
                            "disk.0.disk_type": "pd-ssd",
                            "disk.0.interface": "SCSI",
                            "disk.0.mode": "READ_WRITE",
                            "disk.0.source": "",
                            "disk.0.source_image": "projects/debian-cloud/global/images/family/debian-9",
                            "disk.0.type": "PERSISTENT",
                            "id": "default-20190205152649286200000003",
                            "instance_description": "",
                            "machine_type": "f1-micro",
                            "metadata.%": "2",
                            "metadata.startup-script": "#!/bin/bash -xe\n\napt-get update\napt-get install -y apache2 libapache2-mod-php\n\ncat \u003e /var/www/html/index.php \u003c\u003c'EOF'\n\u003c?php\nfunction metadata_value($value) {\n    $opts = [\n        \"http\" =\u003e [\n            \"method\" =\u003e \"GET\",\n            \"header\" =\u003e \"Metadata-Flavor: Google\"\n        ]\n    ];\n    $context = stream_context_create($opts);\n    $content = file_get_contents(\"http://metadata/computeMetadata/v1/$value\", false, $context);\n    return $content;\n}\nif ($_SERVER['HTTP_X_FORWARDED_PROTO'] == \"http\") {\n\t\t$redirect = 'https://' . $_SERVER['HTTP_HOST'] . $_SERVER['REQUEST_URI'];\n\t\theader('HTTP/1.1 301 Moved Permanently');\n\t\theader('Location: ' . $redirect);\n\t\texit();\n}\n?\u003e\n\u003c!doctype html\u003e\n\u003chtml\u003e\n\u003chead\u003e\n\u003c!-- Compiled and minified CSS --\u003e\n\u003clink rel=\"stylesheet\" href=\"https://cdnjs.cloudflare.com/ajax/libs/materialize/0.97.0/css/materialize.min.css\"\u003e\n\u003c!-- Compiled and minified JavaScript --\u003e\n\u003cscript src=\"https://cdnjs.cloudflare.com/ajax/libs/materialize/0.97.0/js/materialize.min.js\"\u003e\u003c/script\u003e\n\u003ctitle\u003eFrontend Web Server\u003c/title\u003e\n\u003c/head\u003e\n\u003cbody\u003e\n\u003cdiv class=\"container\"\u003e\n\u003cdiv class=\"row\"\u003e\n\u003cdiv class=\"col s2\"\u003e\u0026nbsp;\u003c/div\u003e\n\u003cdiv class=\"col s8\"\u003e\n\u003cimg src=\"/assets/gcp-logo.svg\"/\u003e\n\u003cdiv class=\"card blue\"\u003e\n\u003cdiv class=\"card-content white-text\"\u003e\n\u003cdiv class=\"card-title\"\u003eBackend that serviced this request\u003c/div\u003e\n\u003c/div\u003e\n\u003cdiv class=\"card-content white\"\u003e\n\u003ctable class=\"bordered\"\u003e\n  \u003ctbody\u003e\n\t\u003ctr\u003e\n\t  \u003ctd\u003eName\u003c/td\u003e\n\t  \u003ctd\u003e\u003c?php printf(metadata_value(\"instance/name\")) ?\u003e\u003c/td\u003e\n\t\u003c/tr\u003e\n\t\u003ctr\u003e\n\t  \u003ctd\u003eID\u003c/td\u003e\n\t  \u003ctd\u003e\u003c?php printf(metadata_value(\"instance/id\")) ?\u003e\u003c/td\u003e\n\t\u003c/tr\u003e\n\t\u003ctr\u003e\n\t  \u003ctd\u003eHostname\u003c/td\u003e\n\t  \u003ctd\u003e\u003c?php printf(metadata_value(\"instance/hostname\")) ?\u003e\u003c/td\u003e\n\t\u003c/tr\u003e\n\t\u003ctr\u003e\n\t  \u003ctd\u003eZone\u003c/td\u003e\n\t  \u003ctd\u003e\u003c?php printf(metadata_value(\"instance/zone\")) ?\u003e\u003c/td\u003e\n\t\u003c/tr\u003e\n    \u003ctr\u003e\n\t  \u003ctd\u003eMachine Type\u003c/td\u003e\n\t  \u003ctd\u003e\u003c?php printf(metadata_value(\"instance/machine-type\")) ?\u003e\u003c/td\u003e\n\t\u003c/tr\u003e\n\t\u003ctr\u003e\n\t  \u003ctd\u003eProject\u003c/td\u003e\n\t  \u003ctd\u003e\u003c?php printf(metadata_value(\"project/project-id\")) ?\u003e\u003c/td\u003e\n\t\u003c/tr\u003e\n\t\u003ctr\u003e\n\t  \u003ctd\u003eInternal IP\u003c/td\u003e\n\t  \u003ctd\u003e\u003c?php printf(metadata_value(\"instance/network-interfaces/0/ip\")) ?\u003e\u003c/td\u003e\n\t\u003c/tr\u003e\n\t\u003ctr\u003e\n\t  \u003ctd\u003eExternal IP\u003c/td\u003e\n\t  \u003ctd\u003e\u003c?php printf(metadata_value(\"instance/network-interfaces/0/access-configs/0/external-ip\")) ?\u003e\u003c/td\u003e\n\t\u003c/tr\u003e\n  \u003c/tbody\u003e\n\u003c/table\u003e\n\u003c/div\u003e\n\u003c/div\u003e\n\u003cdiv class=\"card blue\"\u003e\n\u003cdiv class=\"card-content white-text\"\u003e\n\u003cdiv class=\"card-title\"\u003eProxy that handled this request\u003c/div\u003e\n\u003c/div\u003e\n\u003cdiv class=\"card-content white\"\u003e\n\u003ctable class=\"bordered\"\u003e\n  \u003ctbody\u003e\n\t\u003ctr\u003e\n\t  \u003ctd\u003eAddress\u003c/td\u003e\n\t  \u003ctd\u003e\u003c?php printf($_SERVER[\"HTTP_HOST\"]); ?\u003e\u003c/td\u003e\n\t\u003c/tr\u003e\n  \u003c/tbody\u003e\n\u003c/table\u003e\n\u003c/div\u003e\n\u003c/div\u003e\n\u003c/div\u003e\n\u003cdiv class=\"col s2\"\u003e\u0026nbsp;\u003c/div\u003e\n\u003c/div\u003e\n\u003c/div\u003e\n\u003c/html\u003e\nEOF\nsudo mv /var/www/html/index.html /var/www/html/index.html.old\n\n[[ -n \"/group1\" ]] \u0026\u0026 mkdir -p /var/www/html//group1 \u0026\u0026 cp /var/www/html/index.php /var/www/html//group1/index.php\n\nsystemctl enable apache2\nsystemctl restart apache2\n",
                            "metadata.tf_depends_id": "",
                            "metadata_fingerprint": "x9Ndf660BJ4=",
                            "min_cpu_platform": "",
                            "name": "default-20190205152649286200000003",
                            "name_prefix": "default-",
                            "network_interface.#": "1",
                            "network_interface.0.access_config.#": "1",
                            "network_interface.0.access_config.0.assigned_nat_ip": "",
                            "network_interface.0.access_config.0.nat_ip": "",
                            "network_interface.0.access_config.0.network_tier": "PREMIUM",
                            "network_interface.0.address": "",
                            "network_interface.0.alias_ip_range.#": "0",
                            "network_interface.0.network": "https://www.googleapis.com/compute/v1/projects/sandbox-303kdn50/global/networks/tf-lb-https-multi-cert",
                            "network_interface.0.network_ip": "",
                            "network_interface.0.subnetwork": "https://www.googleapis.com/compute/v1/projects/sandbox-303kdn50/regions/europe-west1/subnetworks/tf-lb-https-multi-cert",
                            "network_interface.0.subnetwork_project": "sandbox-303kdn50",
                            "project": "sandbox-303kdn50",
                            "region": "europe-west1",
                            "scheduling.#": "1",
                            "scheduling.0.automatic_restart": "true",
                            "scheduling.0.on_host_maintenance": "MIGRATE",
                            "scheduling.0.preemptible": "false",
                            "self_link": "https://www.googleapis.com/compute/beta/projects/sandbox-303kdn50/global/instanceTemplates/default-20190205152649286200000003",
                            "service_account.#": "1",
                            "service_account.0.email": "default",
                            "service_account.0.scopes.#": "4",
                            "service_account.0.scopes.1693978638": "https://www.googleapis.com/auth/devstorage.full_control",
                            "service_account.0.scopes.172152165": "https://www.googleapis.com/auth/logging.write",
                            "service_account.0.scopes.299962681": "https://www.googleapis.com/auth/compute",
                            "service_account.0.scopes.4177124133": "https://www.googleapis.com/auth/monitoring.write",
                            "tags.#": "2",
                            "tags.1324356852": "tf-lb-https-multi-cert-group1",
                            "tags.2542268873": "allow-ssh",
                            "tags_fingerprint": ""
                        },
                        "meta": {
                            "schema_version": "1"
                        },
                        "tainted": false
                    },
                    "deposed": [],
                    "provider": "provider.google"
                },
                "null_resource.dummy_dependency": {
                    "type": "null_resource",
                    "depends_on": [
                        "google_compute_instance_group_manager.default",
                        "google_compute_instance_template.default.*"
                    ],
                    "primary": {
                        "id": "3933263457139057322",
                        "attributes": {
                            "id": "3933263457139057322",
                            "triggers.%": "1",
                            "triggers.instance_template": "https://www.googleapis.com/compute/beta/projects/sandbox-303kdn50/global/instanceTemplates/default-20190205152649286200000003"
                        },
                        "meta": {},
                        "tainted": false
                    },
                    "deposed": [],
                    "provider": "provider.null"
                }
            },
            "depends_on": []
        },
        {
            "path": [
                "root",
                "mig2"
            ],
            "outputs": {
                "depends_id": {
                    "sensitive": false,
                    "type": "string",
                    "value": "6980886053211567433"
                },
                "health_check": {
                    "sensitive": false,
                    "type": "string",
                    "value": "https://www.googleapis.com/compute/v1/projects/sandbox-303kdn50/global/healthChecks/tf-lb-https-multi-cert-group2"
                },
                "instance_group": {
                    "sensitive": false,
                    "type": "string",
                    "value": "https://www.googleapis.com/compute/v1/projects/sandbox-303kdn50/zones/europe-west2-b/instanceGroups/tf-lb-https-multi-cert-group2"
                },
                "instance_template": {
                    "sensitive": false,
                    "type": "list",
                    "value": [
                        "https://www.googleapis.com/compute/beta/projects/sandbox-303kdn50/global/instanceTemplates/default-20190205152654209100000004"
                    ]
                },
                "instances": {
                    "sensitive": false,
                    "type": "list",
                    "value": [
                        [
                            "https://www.googleapis.com/compute/v1/projects/sandbox-303kdn50/zones/europe-west2-b/instances/tf-lb-https-multi-cert-group2-5lq0",
                            "https://www.googleapis.com/compute/v1/projects/sandbox-303kdn50/zones/europe-west2-b/instances/tf-lb-https-multi-cert-group2-qbrp"
                        ]
                    ]
                },
                "name": {
                    "sensitive": false,
                    "type": "string",
                    "value": "tf-lb-https-multi-cert-group2"
                },
                "network_ip": {
                    "sensitive": false,
                    "type": "string",
                    "value": ""
                },
                "region_depends_id": {
                    "sensitive": false,
                    "type": "string",
                    "value": ""
                },
                "region_instance_group": {
                    "sensitive": false,
                    "type": "string",
                    "value": ""
                },
                "service_port": {
                    "sensitive": false,
                    "type": "string",
                    "value": "80"
                },
                "service_port_name": {
                    "sensitive": false,
                    "type": "string",
                    "value": "http"
                },
                "target_tags": {
                    "sensitive": false,
                    "type": "list",
                    "value": [
                        "tf-lb-https-multi-cert-group2"
                    ]
                }
            },
            "resources": {
                "data.google_compute_instance_group.zonal": {
                    "type": "google_compute_instance_group",
                    "depends_on": [
                        "google_compute_instance_group_manager.default.*",
                        "local.dependency_id"
                    ],
                    "primary": {
                        "id": "europe-west2-b/tf-lb-https-multi-cert-group2",
                        "attributes": {
                            "description": "This instance group is controlled by Instance Group Manager 'tf-lb-https-multi-cert-group2'. To modify instances in this group, use the Instance Group Manager API: https://cloud.google.com/compute/docs/reference/latest/instanceGroupManagers",
                            "id": "europe-west2-b/tf-lb-https-multi-cert-group2",
                            "instances.#": "2",
                            "instances.1042200605": "https://www.googleapis.com/compute/v1/projects/sandbox-303kdn50/zones/europe-west2-b/instances/tf-lb-https-multi-cert-group2-5lq0",
                            "instances.2097629230": "https://www.googleapis.com/compute/v1/projects/sandbox-303kdn50/zones/europe-west2-b/instances/tf-lb-https-multi-cert-group2-qbrp",
                            "name": "tf-lb-https-multi-cert-group2",
                            "named_port.#": "1",
                            "named_port.0.name": "http",
                            "named_port.0.port": "80",
                            "network": "https://www.googleapis.com/compute/v1/projects/sandbox-303kdn50/global/networks/tf-lb-https-multi-cert",
                            "project": "sandbox-303kdn50",
                            "self_link": "https://www.googleapis.com/compute/v1/projects/sandbox-303kdn50/zones/europe-west2-b/instanceGroups/tf-lb-https-multi-cert-group2",
                            "size": "2",
                            "zone": "europe-west2-b"
                        },
                        "meta": {},
                        "tainted": false
                    },
                    "deposed": [],
                    "provider": "provider.google"
                },
                "data.google_compute_zones.available": {
                    "type": "google_compute_zones",
                    "depends_on": [],
                    "primary": {
                        "id": "2019-02-05 16:57:36.111331 +0000 UTC",
                        "attributes": {
                            "id": "2019-02-05 16:57:36.111331 +0000 UTC",
                            "names.#": "3",
                            "names.0": "europe-west2-a",
                            "names.1": "europe-west2-b",
                            "names.2": "europe-west2-c",
                            "project": "sandbox-303kdn50",
                            "region": "europe-west2"
                        },
                        "meta": {},
                        "tainted": false
                    },
                    "deposed": [],
                    "provider": "provider.google"
                },
                "google_compute_firewall.default-ssh": {
                    "type": "google_compute_firewall",
                    "depends_on": [],
                    "primary": {
                        "id": "tf-lb-https-multi-cert-group2-vm-ssh",
                        "attributes": {
                            "allow.#": "1",
                            "allow.803338340.ports.#": "1",
                            "allow.803338340.ports.0": "22",
                            "allow.803338340.protocol": "tcp",
                            "creation_timestamp": "2019-02-05T07:26:55.003-08:00",
                            "deny.#": "0",
                            "description": "",
                            "destination_ranges.#": "0",
                            "direction": "INGRESS",
                            "disabled": "false",
                            "enable_logging": "false",
                            "id": "tf-lb-https-multi-cert-group2-vm-ssh",
                            "name": "tf-lb-https-multi-cert-group2-vm-ssh",
                            "network": "https://www.googleapis.com/compute/v1/projects/sandbox-303kdn50/global/networks/tf-lb-https-multi-cert",
                            "priority": "1000",
                            "project": "sandbox-303kdn50",
                            "self_link": "https://www.googleapis.com/compute/v1/projects/sandbox-303kdn50/global/firewalls/tf-lb-https-multi-cert-group2-vm-ssh",
                            "source_ranges.#": "1",
                            "source_ranges.1080289494": "0.0.0.0/0",
                            "source_service_accounts.#": "0",
                            "source_tags.#": "0",
                            "target_service_accounts.#": "0",
                            "target_tags.#": "1",
                            "target_tags.2542268873": "allow-ssh"
                        },
                        "meta": {
                            "e2bfb730-ecaa-11e6-8f88-34363bc7c4c0": {
                                "create": 240000000000,
                                "delete": 240000000000,
                                "update": 240000000000
                            },
                            "schema_version": "1"
                        },
                        "tainted": false
                    },
                    "deposed": [],
                    "provider": "provider.google"
                },
                "google_compute_firewall.mig-health-check": {
                    "type": "google_compute_firewall",
                    "depends_on": [],
                    "primary": {
                        "id": "tf-lb-https-multi-cert-group2-vm-hc",
                        "attributes": {
                            "allow.#": "1",
                            "allow.272637744.ports.#": "1",
                            "allow.272637744.ports.0": "80",
                            "allow.272637744.protocol": "tcp",
                            "creation_timestamp": "2019-02-05T07:26:55.011-08:00",
                            "deny.#": "0",
                            "description": "",
                            "destination_ranges.#": "0",
                            "direction": "INGRESS",
                            "disabled": "false",
                            "enable_logging": "false",
                            "id": "tf-lb-https-multi-cert-group2-vm-hc",
                            "name": "tf-lb-https-multi-cert-group2-vm-hc",
                            "network": "https://www.googleapis.com/compute/v1/projects/sandbox-303kdn50/global/networks/tf-lb-https-multi-cert",
                            "priority": "1000",
                            "project": "sandbox-303kdn50",
                            "self_link": "https://www.googleapis.com/compute/v1/projects/sandbox-303kdn50/global/firewalls/tf-lb-https-multi-cert-group2-vm-hc",
                            "source_ranges.#": "2",
                            "source_ranges.2192388802": "130.211.0.0/22",
                            "source_ranges.2394378644": "35.191.0.0/16",
                            "source_service_accounts.#": "0",
                            "source_tags.#": "0",
                            "target_service_accounts.#": "0",
                            "target_tags.#": "1",
                            "target_tags.3623437646": "tf-lb-https-multi-cert-group2"
                        },
                        "meta": {
                            "e2bfb730-ecaa-11e6-8f88-34363bc7c4c0": {
                                "create": 240000000000,
                                "delete": 240000000000,
                                "update": 240000000000
                            },
                            "schema_version": "1"
                        },
                        "tainted": false
                    },
                    "deposed": [],
                    "provider": "provider.google"
                },
                "google_compute_health_check.mig-health-check": {
                    "type": "google_compute_health_check",
                    "depends_on": [],
                    "primary": {
                        "id": "tf-lb-https-multi-cert-group2",
                        "attributes": {
                            "check_interval_sec": "30",
                            "creation_timestamp": "2019-02-05T07:26:22.376-08:00",
                            "description": "",
                            "healthy_threshold": "1",
                            "http_health_check.#": "1",
                            "http_health_check.0.host": "",
                            "http_health_check.0.port": "80",
                            "http_health_check.0.proxy_header": "NONE",
                            "http_health_check.0.request_path": "/",
                            "http_health_check.0.response": "",
                            "https_health_check.#": "0",
                            "id": "tf-lb-https-multi-cert-group2",
                            "name": "tf-lb-https-multi-cert-group2",
                            "project": "sandbox-303kdn50",
                            "self_link": "https://www.googleapis.com/compute/v1/projects/sandbox-303kdn50/global/healthChecks/tf-lb-https-multi-cert-group2",
                            "ssl_health_check.#": "0",
                            "tcp_health_check.#": "0",
                            "timeout_sec": "10",
                            "type": "HTTP",
                            "unhealthy_threshold": "10"
                        },
                        "meta": {
                            "e2bfb730-ecaa-11e6-8f88-34363bc7c4c0": {
                                "create": 240000000000,
                                "delete": 240000000000,
                                "update": 240000000000
                            }
                        },
                        "tainted": false
                    },
                    "deposed": [],
                    "provider": "provider.google"
                },
                "google_compute_instance_group_manager.default": {
                    "type": "google_compute_instance_group_manager",
                    "depends_on": [
                        "google_compute_health_check.mig-health-check.*",
                        "google_compute_instance_template.default"
                    ],
                    "primary": {
                        "id": "tf-lb-https-multi-cert-group2",
                        "attributes": {
                            "auto_healing_policies.#": "1",
                            "auto_healing_policies.0.health_check": "https://www.googleapis.com/compute/beta/projects/sandbox-303kdn50/global/healthChecks/tf-lb-https-multi-cert-group2",
                            "auto_healing_policies.0.initial_delay_sec": "30",
                            "base_instance_name": "tf-lb-https-multi-cert-group2",
                            "description": "compute VM Instance Group",
                            "fingerprint": "KWBIqdpZ-FQ=",
                            "id": "tf-lb-https-multi-cert-group2",
                            "instance_group": "https://www.googleapis.com/compute/v1/projects/sandbox-303kdn50/zones/europe-west2-b/instanceGroups/tf-lb-https-multi-cert-group2",
                            "instance_template": "https://www.googleapis.com/compute/v1/projects/sandbox-303kdn50/global/instanceTemplates/default-20190205152654209100000004",
                            "name": "tf-lb-https-multi-cert-group2",
                            "named_port.#": "1",
                            "named_port.0.name": "http",
                            "named_port.0.port": "80",
                            "project": "sandbox-303kdn50",
                            "self_link": "https://www.googleapis.com/compute/v1/projects/sandbox-303kdn50/zones/europe-west2-b/instanceGroupManagers/tf-lb-https-multi-cert-group2",
                            "target_pools.#": "0",
                            "target_size": "2",
                            "update_strategy": "NONE",
                            "version.#": "1",
                            "version.0.instance_template": "https://www.googleapis.com/compute/v1/projects/sandbox-303kdn50/global/instanceTemplates/default-20190205152654209100000004",
                            "version.0.name": "",
                            "version.0.target_size.#": "0",
                            "wait_for_instances": "false",
                            "zone": "europe-west2-b"
                        },
                        "meta": {},
                        "tainted": false
                    },
                    "deposed": [],
                    "provider": "provider.google"
                },
                "google_compute_instance_template.default": {
                    "type": "google_compute_instance_template",
                    "depends_on": [],
                    "primary": {
                        "id": "default-20190205152654209100000004",
                        "attributes": {
                            "can_ip_forward": "false",
                            "description": "",
                            "disk.#": "1",
                            "disk.0.auto_delete": "true",
                            "disk.0.boot": "true",
                            "disk.0.device_name": "persistent-disk-0",
                            "disk.0.disk_encryption_key.#": "0",
                            "disk.0.disk_name": "",
                            "disk.0.disk_size_gb": "0",
                            "disk.0.disk_type": "pd-ssd",
                            "disk.0.interface": "SCSI",
                            "disk.0.mode": "READ_WRITE",
                            "disk.0.source": "",
                            "disk.0.source_image": "projects/debian-cloud/global/images/family/debian-9",
                            "disk.0.type": "PERSISTENT",
                            "id": "default-20190205152654209100000004",
                            "instance_description": "",
                            "machine_type": "f1-micro",
                            "metadata.%": "2",
                            "metadata.startup-script": "#!/bin/bash -xe\n\napt-get update\napt-get install -y apache2 libapache2-mod-php\n\ncat \u003e /var/www/html/index.php \u003c\u003c'EOF'\n\u003c?php\nfunction metadata_value($value) {\n    $opts = [\n        \"http\" =\u003e [\n            \"method\" =\u003e \"GET\",\n            \"header\" =\u003e \"Metadata-Flavor: Google\"\n        ]\n    ];\n    $context = stream_context_create($opts);\n    $content = file_get_contents(\"http://metadata/computeMetadata/v1/$value\", false, $context);\n    return $content;\n}\nif ($_SERVER['HTTP_X_FORWARDED_PROTO'] == \"http\") {\n\t\t$redirect = 'https://' . $_SERVER['HTTP_HOST'] . $_SERVER['REQUEST_URI'];\n\t\theader('HTTP/1.1 301 Moved Permanently');\n\t\theader('Location: ' . $redirect);\n\t\texit();\n}\n?\u003e\n\u003c!doctype html\u003e\n\u003chtml\u003e\n\u003chead\u003e\n\u003c!-- Compiled and minified CSS --\u003e\n\u003clink rel=\"stylesheet\" href=\"https://cdnjs.cloudflare.com/ajax/libs/materialize/0.97.0/css/materialize.min.css\"\u003e\n\u003c!-- Compiled and minified JavaScript --\u003e\n\u003cscript src=\"https://cdnjs.cloudflare.com/ajax/libs/materialize/0.97.0/js/materialize.min.js\"\u003e\u003c/script\u003e\n\u003ctitle\u003eFrontend Web Server\u003c/title\u003e\n\u003c/head\u003e\n\u003cbody\u003e\n\u003cdiv class=\"container\"\u003e\n\u003cdiv class=\"row\"\u003e\n\u003cdiv class=\"col s2\"\u003e\u0026nbsp;\u003c/div\u003e\n\u003cdiv class=\"col s8\"\u003e\n\u003cimg src=\"/assets/gcp-logo.svg\"/\u003e\n\u003cdiv class=\"card blue\"\u003e\n\u003cdiv class=\"card-content white-text\"\u003e\n\u003cdiv class=\"card-title\"\u003eBackend that serviced this request\u003c/div\u003e\n\u003c/div\u003e\n\u003cdiv class=\"card-content white\"\u003e\n\u003ctable class=\"bordered\"\u003e\n  \u003ctbody\u003e\n\t\u003ctr\u003e\n\t  \u003ctd\u003eName\u003c/td\u003e\n\t  \u003ctd\u003e\u003c?php printf(metadata_value(\"instance/name\")) ?\u003e\u003c/td\u003e\n\t\u003c/tr\u003e\n\t\u003ctr\u003e\n\t  \u003ctd\u003eID\u003c/td\u003e\n\t  \u003ctd\u003e\u003c?php printf(metadata_value(\"instance/id\")) ?\u003e\u003c/td\u003e\n\t\u003c/tr\u003e\n\t\u003ctr\u003e\n\t  \u003ctd\u003eHostname\u003c/td\u003e\n\t  \u003ctd\u003e\u003c?php printf(metadata_value(\"instance/hostname\")) ?\u003e\u003c/td\u003e\n\t\u003c/tr\u003e\n\t\u003ctr\u003e\n\t  \u003ctd\u003eZone\u003c/td\u003e\n\t  \u003ctd\u003e\u003c?php printf(metadata_value(\"instance/zone\")) ?\u003e\u003c/td\u003e\n\t\u003c/tr\u003e\n    \u003ctr\u003e\n\t  \u003ctd\u003eMachine Type\u003c/td\u003e\n\t  \u003ctd\u003e\u003c?php printf(metadata_value(\"instance/machine-type\")) ?\u003e\u003c/td\u003e\n\t\u003c/tr\u003e\n\t\u003ctr\u003e\n\t  \u003ctd\u003eProject\u003c/td\u003e\n\t  \u003ctd\u003e\u003c?php printf(metadata_value(\"project/project-id\")) ?\u003e\u003c/td\u003e\n\t\u003c/tr\u003e\n\t\u003ctr\u003e\n\t  \u003ctd\u003eInternal IP\u003c/td\u003e\n\t  \u003ctd\u003e\u003c?php printf(metadata_value(\"instance/network-interfaces/0/ip\")) ?\u003e\u003c/td\u003e\n\t\u003c/tr\u003e\n\t\u003ctr\u003e\n\t  \u003ctd\u003eExternal IP\u003c/td\u003e\n\t  \u003ctd\u003e\u003c?php printf(metadata_value(\"instance/network-interfaces/0/access-configs/0/external-ip\")) ?\u003e\u003c/td\u003e\n\t\u003c/tr\u003e\n  \u003c/tbody\u003e\n\u003c/table\u003e\n\u003c/div\u003e\n\u003c/div\u003e\n\u003cdiv class=\"card blue\"\u003e\n\u003cdiv class=\"card-content white-text\"\u003e\n\u003cdiv class=\"card-title\"\u003eProxy that handled this request\u003c/div\u003e\n\u003c/div\u003e\n\u003cdiv class=\"card-content white\"\u003e\n\u003ctable class=\"bordered\"\u003e\n  \u003ctbody\u003e\n\t\u003ctr\u003e\n\t  \u003ctd\u003eAddress\u003c/td\u003e\n\t  \u003ctd\u003e\u003c?php printf($_SERVER[\"HTTP_HOST\"]); ?\u003e\u003c/td\u003e\n\t\u003c/tr\u003e\n  \u003c/tbody\u003e\n\u003c/table\u003e\n\u003c/div\u003e\n\u003c/div\u003e\n\u003c/div\u003e\n\u003cdiv class=\"col s2\"\u003e\u0026nbsp;\u003c/div\u003e\n\u003c/div\u003e\n\u003c/div\u003e\n\u003c/html\u003e\nEOF\nsudo mv /var/www/html/index.html /var/www/html/index.html.old\n\n[[ -n \"/group2\" ]] \u0026\u0026 mkdir -p /var/www/html//group2 \u0026\u0026 cp /var/www/html/index.php /var/www/html//group2/index.php\n\nsystemctl enable apache2\nsystemctl restart apache2\n",
                            "metadata.tf_depends_id": "",
                            "metadata_fingerprint": "MwzjmjucRwg=",
                            "min_cpu_platform": "",
                            "name": "default-20190205152654209100000004",
                            "name_prefix": "default-",
                            "network_interface.#": "1",
                            "network_interface.0.access_config.#": "1",
                            "network_interface.0.access_config.0.assigned_nat_ip": "",
                            "network_interface.0.access_config.0.nat_ip": "",
                            "network_interface.0.access_config.0.network_tier": "PREMIUM",
                            "network_interface.0.address": "",
                            "network_interface.0.alias_ip_range.#": "0",
                            "network_interface.0.network": "https://www.googleapis.com/compute/v1/projects/sandbox-303kdn50/global/networks/tf-lb-https-multi-cert",
                            "network_interface.0.network_ip": "",
                            "network_interface.0.subnetwork": "https://www.googleapis.com/compute/v1/projects/sandbox-303kdn50/regions/europe-west2/subnetworks/tf-lb-https-multi-cert",
                            "network_interface.0.subnetwork_project": "sandbox-303kdn50",
                            "project": "sandbox-303kdn50",
                            "region": "europe-west2",
                            "scheduling.#": "1",
                            "scheduling.0.automatic_restart": "true",
                            "scheduling.0.on_host_maintenance": "MIGRATE",
                            "scheduling.0.preemptible": "false",
                            "self_link": "https://www.googleapis.com/compute/beta/projects/sandbox-303kdn50/global/instanceTemplates/default-20190205152654209100000004",
                            "service_account.#": "1",
                            "service_account.0.email": "default",
                            "service_account.0.scopes.#": "4",
                            "service_account.0.scopes.1693978638": "https://www.googleapis.com/auth/devstorage.full_control",
                            "service_account.0.scopes.172152165": "https://www.googleapis.com/auth/logging.write",
                            "service_account.0.scopes.299962681": "https://www.googleapis.com/auth/compute",
                            "service_account.0.scopes.4177124133": "https://www.googleapis.com/auth/monitoring.write",
                            "tags.#": "2",
                            "tags.2542268873": "allow-ssh",
                            "tags.3623437646": "tf-lb-https-multi-cert-group2",
                            "tags_fingerprint": ""
                        },
                        "meta": {
                            "schema_version": "1"
                        },
                        "tainted": false
                    },
                    "deposed": [],
                    "provider": "provider.google"
                },
                "null_resource.dummy_dependency": {
                    "type": "null_resource",
                    "depends_on": [
                        "google_compute_instance_group_manager.default",
                        "google_compute_instance_template.default.*"
                    ],
                    "primary": {
                        "id": "6980886053211567433",
                        "attributes": {
                            "id": "6980886053211567433",
                            "triggers.%": "1",
                            "triggers.instance_template": "https://www.googleapis.com/compute/beta/projects/sandbox-303kdn50/global/instanceTemplates/default-20190205152654209100000004"
                        },
                        "meta": {},
                        "tainted": false
                    },
                    "deposed": [],
                    "provider": "provider.null"
                }
            },
            "depends_on": []
        },
        {
            "path": [
                "root",
                "mig3"
            ],
            "outputs": {
                "depends_id": {
                    "sensitive": false,
                    "type": "string",
                    "value": "3965925869298715671"
                },
                "health_check": {
                    "sensitive": false,
                    "type": "string",
                    "value": "https://www.googleapis.com/compute/v1/projects/sandbox-303kdn50/global/healthChecks/tf-lb-https-multi-cert-group3"
                },
                "instance_group": {
                    "sensitive": false,
                    "type": "string",
                    "value": "https://www.googleapis.com/compute/v1/projects/sandbox-303kdn50/zones/europe-north1-b/instanceGroups/tf-lb-https-multi-cert-group3"
                },
                "instance_template": {
                    "sensitive": false,
                    "type": "list",
                    "value": [
                        "https://www.googleapis.com/compute/beta/projects/sandbox-303kdn50/global/instanceTemplates/default-20190205152649171800000002"
                    ]
                },
                "instances": {
                    "sensitive": false,
                    "type": "list",
                    "value": [
                        [
                            "https://www.googleapis.com/compute/v1/projects/sandbox-303kdn50/zones/europe-north1-b/instances/tf-lb-https-multi-cert-group3-cjts",
                            "https://www.googleapis.com/compute/v1/projects/sandbox-303kdn50/zones/europe-north1-b/instances/tf-lb-https-multi-cert-group3-1dvl"
                        ]
                    ]
                },
                "name": {
                    "sensitive": false,
                    "type": "string",
                    "value": "tf-lb-https-multi-cert-group3"
                },
                "network_ip": {
                    "sensitive": false,
                    "type": "string",
                    "value": ""
                },
                "region_depends_id": {
                    "sensitive": false,
                    "type": "string",
                    "value": ""
                },
                "region_instance_group": {
                    "sensitive": false,
                    "type": "string",
                    "value": ""
                },
                "service_port": {
                    "sensitive": false,
                    "type": "string",
                    "value": "80"
                },
                "service_port_name": {
                    "sensitive": false,
                    "type": "string",
                    "value": "http"
                },
                "target_tags": {
                    "sensitive": false,
                    "type": "list",
                    "value": [
                        "tf-lb-https-multi-cert-group3"
                    ]
                }
            },
            "resources": {
                "data.google_compute_instance_group.zonal": {
                    "type": "google_compute_instance_group",
                    "depends_on": [
                        "google_compute_instance_group_manager.default.*",
                        "local.dependency_id"
                    ],
                    "primary": {
                        "id": "europe-north1-b/tf-lb-https-multi-cert-group3",
                        "attributes": {
                            "description": "This instance group is controlled by Instance Group Manager 'tf-lb-https-multi-cert-group3'. To modify instances in this group, use the Instance Group Manager API: https://cloud.google.com/compute/docs/reference/latest/instanceGroupManagers",
                            "id": "europe-north1-b/tf-lb-https-multi-cert-group3",
                            "instances.#": "2",
                            "instances.4089450068": "https://www.googleapis.com/compute/v1/projects/sandbox-303kdn50/zones/europe-north1-b/instances/tf-lb-https-multi-cert-group3-1dvl",
                            "instances.660900608": "https://www.googleapis.com/compute/v1/projects/sandbox-303kdn50/zones/europe-north1-b/instances/tf-lb-https-multi-cert-group3-cjts",
                            "name": "tf-lb-https-multi-cert-group3",
                            "named_port.#": "1",
                            "named_port.0.name": "http",
                            "named_port.0.port": "80",
                            "network": "https://www.googleapis.com/compute/v1/projects/sandbox-303kdn50/global/networks/tf-lb-https-multi-cert",
                            "project": "sandbox-303kdn50",
                            "self_link": "https://www.googleapis.com/compute/v1/projects/sandbox-303kdn50/zones/europe-north1-b/instanceGroups/tf-lb-https-multi-cert-group3",
                            "size": "2",
                            "zone": "europe-north1-b"
                        },
                        "meta": {},
                        "tainted": false
                    },
                    "deposed": [],
                    "provider": "provider.google"
                },
                "data.google_compute_zones.available": {
                    "type": "google_compute_zones",
                    "depends_on": [],
                    "primary": {
                        "id": "2019-02-05 16:57:36.101083 +0000 UTC",
                        "attributes": {
                            "id": "2019-02-05 16:57:36.101083 +0000 UTC",
                            "names.#": "3",
                            "names.0": "europe-north1-a",
                            "names.1": "europe-north1-b",
                            "names.2": "europe-north1-c",
                            "project": "sandbox-303kdn50",
                            "region": "europe-north1"
                        },
                        "meta": {},
                        "tainted": false
                    },
                    "deposed": [],
                    "provider": "provider.google"
                },
                "google_compute_firewall.default-ssh": {
                    "type": "google_compute_firewall",
                    "depends_on": [],
                    "primary": {
                        "id": "tf-lb-https-multi-cert-group3-vm-ssh",
                        "attributes": {
                            "allow.#": "1",
                            "allow.803338340.ports.#": "1",
                            "allow.803338340.ports.0": "22",
                            "allow.803338340.protocol": "tcp",
                            "creation_timestamp": "2019-02-05T07:26:49.751-08:00",
                            "deny.#": "0",
                            "description": "",
                            "destination_ranges.#": "0",
                            "direction": "INGRESS",
                            "disabled": "false",
                            "enable_logging": "false",
                            "id": "tf-lb-https-multi-cert-group3-vm-ssh",
                            "name": "tf-lb-https-multi-cert-group3-vm-ssh",
                            "network": "https://www.googleapis.com/compute/v1/projects/sandbox-303kdn50/global/networks/tf-lb-https-multi-cert",
                            "priority": "1000",
                            "project": "sandbox-303kdn50",
                            "self_link": "https://www.googleapis.com/compute/v1/projects/sandbox-303kdn50/global/firewalls/tf-lb-https-multi-cert-group3-vm-ssh",
                            "source_ranges.#": "1",
                            "source_ranges.1080289494": "0.0.0.0/0",
                            "source_service_accounts.#": "0",
                            "source_tags.#": "0",
                            "target_service_accounts.#": "0",
                            "target_tags.#": "1",
                            "target_tags.2542268873": "allow-ssh"
                        },
                        "meta": {
                            "e2bfb730-ecaa-11e6-8f88-34363bc7c4c0": {
                                "create": 240000000000,
                                "delete": 240000000000,
                                "update": 240000000000
                            },
                            "schema_version": "1"
                        },
                        "tainted": false
                    },
                    "deposed": [],
                    "provider": "provider.google"
                },
                "google_compute_firewall.mig-health-check": {
                    "type": "google_compute_firewall",
                    "depends_on": [],
                    "primary": {
                        "id": "tf-lb-https-multi-cert-group3-vm-hc",
                        "attributes": {
                            "allow.#": "1",
                            "allow.272637744.ports.#": "1",
                            "allow.272637744.ports.0": "80",
                            "allow.272637744.protocol": "tcp",
                            "creation_timestamp": "2019-02-05T07:26:49.772-08:00",
                            "deny.#": "0",
                            "description": "",
                            "destination_ranges.#": "0",
                            "direction": "INGRESS",
                            "disabled": "false",
                            "enable_logging": "false",
                            "id": "tf-lb-https-multi-cert-group3-vm-hc",
                            "name": "tf-lb-https-multi-cert-group3-vm-hc",
                            "network": "https://www.googleapis.com/compute/v1/projects/sandbox-303kdn50/global/networks/tf-lb-https-multi-cert",
                            "priority": "1000",
                            "project": "sandbox-303kdn50",
                            "self_link": "https://www.googleapis.com/compute/v1/projects/sandbox-303kdn50/global/firewalls/tf-lb-https-multi-cert-group3-vm-hc",
                            "source_ranges.#": "2",
                            "source_ranges.2192388802": "130.211.0.0/22",
                            "source_ranges.2394378644": "35.191.0.0/16",
                            "source_service_accounts.#": "0",
                            "source_tags.#": "0",
                            "target_service_accounts.#": "0",
                            "target_tags.#": "1",
                            "target_tags.2701030872": "tf-lb-https-multi-cert-group3"
                        },
                        "meta": {
                            "e2bfb730-ecaa-11e6-8f88-34363bc7c4c0": {
                                "create": 240000000000,
                                "delete": 240000000000,
                                "update": 240000000000
                            },
                            "schema_version": "1"
                        },
                        "tainted": false
                    },
                    "deposed": [],
                    "provider": "provider.google"
                },
                "google_compute_health_check.mig-health-check": {
                    "type": "google_compute_health_check",
                    "depends_on": [],
                    "primary": {
                        "id": "tf-lb-https-multi-cert-group3",
                        "attributes": {
                            "check_interval_sec": "30",
                            "creation_timestamp": "2019-02-05T07:26:22.270-08:00",
                            "description": "",
                            "healthy_threshold": "1",
                            "http_health_check.#": "1",
                            "http_health_check.0.host": "",
                            "http_health_check.0.port": "80",
                            "http_health_check.0.proxy_header": "NONE",
                            "http_health_check.0.request_path": "/",
                            "http_health_check.0.response": "",
                            "https_health_check.#": "0",
                            "id": "tf-lb-https-multi-cert-group3",
                            "name": "tf-lb-https-multi-cert-group3",
                            "project": "sandbox-303kdn50",
                            "self_link": "https://www.googleapis.com/compute/v1/projects/sandbox-303kdn50/global/healthChecks/tf-lb-https-multi-cert-group3",
                            "ssl_health_check.#": "0",
                            "tcp_health_check.#": "0",
                            "timeout_sec": "10",
                            "type": "HTTP",
                            "unhealthy_threshold": "10"
                        },
                        "meta": {
                            "e2bfb730-ecaa-11e6-8f88-34363bc7c4c0": {
                                "create": 240000000000,
                                "delete": 240000000000,
                                "update": 240000000000
                            }
                        },
                        "tainted": false
                    },
                    "deposed": [],
                    "provider": "provider.google"
                },
                "google_compute_instance_group_manager.default": {
                    "type": "google_compute_instance_group_manager",
                    "depends_on": [
                        "google_compute_health_check.mig-health-check.*",
                        "google_compute_instance_template.default"
                    ],
                    "primary": {
                        "id": "tf-lb-https-multi-cert-group3",
                        "attributes": {
                            "auto_healing_policies.#": "1",
                            "auto_healing_policies.0.health_check": "https://www.googleapis.com/compute/beta/projects/sandbox-303kdn50/global/healthChecks/tf-lb-https-multi-cert-group3",
                            "auto_healing_policies.0.initial_delay_sec": "30",
                            "base_instance_name": "tf-lb-https-multi-cert-group3",
                            "description": "compute VM Instance Group",
                            "fingerprint": "KDp50Lz5VgY=",
                            "id": "tf-lb-https-multi-cert-group3",
                            "instance_group": "https://www.googleapis.com/compute/v1/projects/sandbox-303kdn50/zones/europe-north1-b/instanceGroups/tf-lb-https-multi-cert-group3",
                            "instance_template": "https://www.googleapis.com/compute/v1/projects/sandbox-303kdn50/global/instanceTemplates/default-20190205152649171800000002",
                            "name": "tf-lb-https-multi-cert-group3",
                            "named_port.#": "1",
                            "named_port.0.name": "http",
                            "named_port.0.port": "80",
                            "project": "sandbox-303kdn50",
                            "self_link": "https://www.googleapis.com/compute/v1/projects/sandbox-303kdn50/zones/europe-north1-b/instanceGroupManagers/tf-lb-https-multi-cert-group3",
                            "target_pools.#": "0",
                            "target_size": "2",
                            "update_strategy": "NONE",
                            "version.#": "1",
                            "version.0.instance_template": "https://www.googleapis.com/compute/v1/projects/sandbox-303kdn50/global/instanceTemplates/default-20190205152649171800000002",
                            "version.0.name": "",
                            "version.0.target_size.#": "0",
                            "wait_for_instances": "false",
                            "zone": "europe-north1-b"
                        },
                        "meta": {},
                        "tainted": false
                    },
                    "deposed": [],
                    "provider": "provider.google"
                },
                "google_compute_instance_template.default": {
                    "type": "google_compute_instance_template",
                    "depends_on": [],
                    "primary": {
                        "id": "default-20190205152649171800000002",
                        "attributes": {
                            "can_ip_forward": "false",
                            "description": "",
                            "disk.#": "1",
                            "disk.0.auto_delete": "true",
                            "disk.0.boot": "true",
                            "disk.0.device_name": "persistent-disk-0",
                            "disk.0.disk_encryption_key.#": "0",
                            "disk.0.disk_name": "",
                            "disk.0.disk_size_gb": "0",
                            "disk.0.disk_type": "pd-ssd",
                            "disk.0.interface": "SCSI",
                            "disk.0.mode": "READ_WRITE",
                            "disk.0.source": "",
                            "disk.0.source_image": "projects/debian-cloud/global/images/family/debian-9",
                            "disk.0.type": "PERSISTENT",
                            "id": "default-20190205152649171800000002",
                            "instance_description": "",
                            "machine_type": "f1-micro",
                            "metadata.%": "2",
                            "metadata.startup-script": "#!/bin/bash -xe\n\napt-get update\napt-get install -y apache2 libapache2-mod-php\n\ncat \u003e /var/www/html/index.php \u003c\u003c'EOF'\n\u003c?php\nfunction metadata_value($value) {\n    $opts = [\n        \"http\" =\u003e [\n            \"method\" =\u003e \"GET\",\n            \"header\" =\u003e \"Metadata-Flavor: Google\"\n        ]\n    ];\n    $context = stream_context_create($opts);\n    $content = file_get_contents(\"http://metadata/computeMetadata/v1/$value\", false, $context);\n    return $content;\n}\nif ($_SERVER['HTTP_X_FORWARDED_PROTO'] == \"http\") {\n\t\t$redirect = 'https://' . $_SERVER['HTTP_HOST'] . $_SERVER['REQUEST_URI'];\n\t\theader('HTTP/1.1 301 Moved Permanently');\n\t\theader('Location: ' . $redirect);\n\t\texit();\n}\n?\u003e\n\u003c!doctype html\u003e\n\u003chtml\u003e\n\u003chead\u003e\n\u003c!-- Compiled and minified CSS --\u003e\n\u003clink rel=\"stylesheet\" href=\"https://cdnjs.cloudflare.com/ajax/libs/materialize/0.97.0/css/materialize.min.css\"\u003e\n\u003c!-- Compiled and minified JavaScript --\u003e\n\u003cscript src=\"https://cdnjs.cloudflare.com/ajax/libs/materialize/0.97.0/js/materialize.min.js\"\u003e\u003c/script\u003e\n\u003ctitle\u003eFrontend Web Server\u003c/title\u003e\n\u003c/head\u003e\n\u003cbody\u003e\n\u003cdiv class=\"container\"\u003e\n\u003cdiv class=\"row\"\u003e\n\u003cdiv class=\"col s2\"\u003e\u0026nbsp;\u003c/div\u003e\n\u003cdiv class=\"col s8\"\u003e\n\u003cimg src=\"/assets/gcp-logo.svg\"/\u003e\n\u003cdiv class=\"card blue\"\u003e\n\u003cdiv class=\"card-content white-text\"\u003e\n\u003cdiv class=\"card-title\"\u003eBackend that serviced this request\u003c/div\u003e\n\u003c/div\u003e\n\u003cdiv class=\"card-content white\"\u003e\n\u003ctable class=\"bordered\"\u003e\n  \u003ctbody\u003e\n\t\u003ctr\u003e\n\t  \u003ctd\u003eName\u003c/td\u003e\n\t  \u003ctd\u003e\u003c?php printf(metadata_value(\"instance/name\")) ?\u003e\u003c/td\u003e\n\t\u003c/tr\u003e\n\t\u003ctr\u003e\n\t  \u003ctd\u003eID\u003c/td\u003e\n\t  \u003ctd\u003e\u003c?php printf(metadata_value(\"instance/id\")) ?\u003e\u003c/td\u003e\n\t\u003c/tr\u003e\n\t\u003ctr\u003e\n\t  \u003ctd\u003eHostname\u003c/td\u003e\n\t  \u003ctd\u003e\u003c?php printf(metadata_value(\"instance/hostname\")) ?\u003e\u003c/td\u003e\n\t\u003c/tr\u003e\n\t\u003ctr\u003e\n\t  \u003ctd\u003eZone\u003c/td\u003e\n\t  \u003ctd\u003e\u003c?php printf(metadata_value(\"instance/zone\")) ?\u003e\u003c/td\u003e\n\t\u003c/tr\u003e\n    \u003ctr\u003e\n\t  \u003ctd\u003eMachine Type\u003c/td\u003e\n\t  \u003ctd\u003e\u003c?php printf(metadata_value(\"instance/machine-type\")) ?\u003e\u003c/td\u003e\n\t\u003c/tr\u003e\n\t\u003ctr\u003e\n\t  \u003ctd\u003eProject\u003c/td\u003e\n\t  \u003ctd\u003e\u003c?php printf(metadata_value(\"project/project-id\")) ?\u003e\u003c/td\u003e\n\t\u003c/tr\u003e\n\t\u003ctr\u003e\n\t  \u003ctd\u003eInternal IP\u003c/td\u003e\n\t  \u003ctd\u003e\u003c?php printf(metadata_value(\"instance/network-interfaces/0/ip\")) ?\u003e\u003c/td\u003e\n\t\u003c/tr\u003e\n\t\u003ctr\u003e\n\t  \u003ctd\u003eExternal IP\u003c/td\u003e\n\t  \u003ctd\u003e\u003c?php printf(metadata_value(\"instance/network-interfaces/0/access-configs/0/external-ip\")) ?\u003e\u003c/td\u003e\n\t\u003c/tr\u003e\n  \u003c/tbody\u003e\n\u003c/table\u003e\n\u003c/div\u003e\n\u003c/div\u003e\n\u003cdiv class=\"card blue\"\u003e\n\u003cdiv class=\"card-content white-text\"\u003e\n\u003cdiv class=\"card-title\"\u003eProxy that handled this request\u003c/div\u003e\n\u003c/div\u003e\n\u003cdiv class=\"card-content white\"\u003e\n\u003ctable class=\"bordered\"\u003e\n  \u003ctbody\u003e\n\t\u003ctr\u003e\n\t  \u003ctd\u003eAddress\u003c/td\u003e\n\t  \u003ctd\u003e\u003c?php printf($_SERVER[\"HTTP_HOST\"]); ?\u003e\u003c/td\u003e\n\t\u003c/tr\u003e\n  \u003c/tbody\u003e\n\u003c/table\u003e\n\u003c/div\u003e\n\u003c/div\u003e\n\u003c/div\u003e\n\u003cdiv class=\"col s2\"\u003e\u0026nbsp;\u003c/div\u003e\n\u003c/div\u003e\n\u003c/div\u003e\n\u003c/html\u003e\nEOF\nsudo mv /var/www/html/index.html /var/www/html/index.html.old\n\n[[ -n \"/group3\" ]] \u0026\u0026 mkdir -p /var/www/html//group3 \u0026\u0026 cp /var/www/html/index.php /var/www/html//group3/index.php\n\nsystemctl enable apache2\nsystemctl restart apache2\n",
                            "metadata.tf_depends_id": "",
                            "metadata_fingerprint": "mAem7a0apw8=",
                            "min_cpu_platform": "",
                            "name": "default-20190205152649171800000002",
                            "name_prefix": "default-",
                            "network_interface.#": "1",
                            "network_interface.0.access_config.#": "1",
                            "network_interface.0.access_config.0.assigned_nat_ip": "",
                            "network_interface.0.access_config.0.nat_ip": "",
                            "network_interface.0.access_config.0.network_tier": "PREMIUM",
                            "network_interface.0.address": "",
                            "network_interface.0.alias_ip_range.#": "0",
                            "network_interface.0.network": "https://www.googleapis.com/compute/v1/projects/sandbox-303kdn50/global/networks/tf-lb-https-multi-cert",
                            "network_interface.0.network_ip": "",
                            "network_interface.0.subnetwork": "https://www.googleapis.com/compute/v1/projects/sandbox-303kdn50/regions/europe-north1/subnetworks/tf-lb-https-multi-cert",
                            "network_interface.0.subnetwork_project": "sandbox-303kdn50",
                            "project": "sandbox-303kdn50",
                            "region": "europe-north1",
                            "scheduling.#": "1",
                            "scheduling.0.automatic_restart": "true",
                            "scheduling.0.on_host_maintenance": "MIGRATE",
                            "scheduling.0.preemptible": "false",
                            "self_link": "https://www.googleapis.com/compute/beta/projects/sandbox-303kdn50/global/instanceTemplates/default-20190205152649171800000002",
                            "service_account.#": "1",
                            "service_account.0.email": "default",
                            "service_account.0.scopes.#": "4",
                            "service_account.0.scopes.1693978638": "https://www.googleapis.com/auth/devstorage.full_control",
                            "service_account.0.scopes.172152165": "https://www.googleapis.com/auth/logging.write",
                            "service_account.0.scopes.299962681": "https://www.googleapis.com/auth/compute",
                            "service_account.0.scopes.4177124133": "https://www.googleapis.com/auth/monitoring.write",
                            "tags.#": "2",
                            "tags.2542268873": "allow-ssh",
                            "tags.2701030872": "tf-lb-https-multi-cert-group3",
                            "tags_fingerprint": ""
                        },
                        "meta": {
                            "schema_version": "1"
                        },
                        "tainted": false
                    },
                    "deposed": [],
                    "provider": "provider.google"
                },
                "null_resource.dummy_dependency": {
                    "type": "null_resource",
                    "depends_on": [
                        "google_compute_instance_group_manager.default",
                        "google_compute_instance_template.default.*"
                    ],
                    "primary": {
                        "id": "3965925869298715671",
                        "attributes": {
                            "id": "3965925869298715671",
                            "triggers.%": "1",
                            "triggers.instance_template": "https://www.googleapis.com/compute/beta/projects/sandbox-303kdn50/global/instanceTemplates/default-20190205152649171800000002"
                        },
                        "meta": {},
                        "tainted": false
                    },
                    "deposed": [],
                    "provider": "provider.null"
                }
            },
            "depends_on": []
        }
    ]
}
